// !$*UTF8*$!
{
	archiveVersion = 1;
	classes = {
	};
	objectVersion = 55;
	objects = {

/* Begin PBXBuildFile section */
		6332638D27E9EA80002759D3 /* AppDelegate.swift in Sources */ = {isa = PBXBuildFile; fileRef = 6332638C27E9EA80002759D3 /* AppDelegate.swift */; };
		6332638F27E9EA80002759D3 /* SceneDelegate.swift in Sources */ = {isa = PBXBuildFile; fileRef = 6332638E27E9EA80002759D3 /* SceneDelegate.swift */; };
		6332639627E9EA82002759D3 /* Assets.xcassets in Resources */ = {isa = PBXBuildFile; fileRef = 6332639527E9EA82002759D3 /* Assets.xcassets */; };
		6332639927E9EA82002759D3 /* LaunchScreen.storyboard in Resources */ = {isa = PBXBuildFile; fileRef = 6332639727E9EA82002759D3 /* LaunchScreen.storyboard */; };
		633263A427E9EA82002759D3 /* GBShopTests.swift in Sources */ = {isa = PBXBuildFile; fileRef = 633263A327E9EA82002759D3 /* GBShopTests.swift */; };
		633263AE27E9EA82002759D3 /* GBShopUITests.swift in Sources */ = {isa = PBXBuildFile; fileRef = 633263AD27E9EA82002759D3 /* GBShopUITests.swift */; };
		633263B027E9EA82002759D3 /* GBShopUITestsLaunchTests.swift in Sources */ = {isa = PBXBuildFile; fileRef = 633263AF27E9EA82002759D3 /* GBShopUITestsLaunchTests.swift */; };
		633263C727ECE092002759D3 /* LoginRequestFactory.swift in Sources */ = {isa = PBXBuildFile; fileRef = 633263C627ECE092002759D3 /* LoginRequestFactory.swift */; };
		633263C927ECE0A5002759D3 /* Login.swift in Sources */ = {isa = PBXBuildFile; fileRef = 633263C827ECE0A5002759D3 /* Login.swift */; };
		633263CB27ECE0C7002759D3 /* RequestFactory.swift in Sources */ = {isa = PBXBuildFile; fileRef = 633263CA27ECE0C7002759D3 /* RequestFactory.swift */; };
		633263CF27ECE0EA002759D3 /* User.swift in Sources */ = {isa = PBXBuildFile; fileRef = 633263CE27ECE0EA002759D3 /* User.swift */; };
		633263D227ECE142002759D3 /* AbstractErrorParser.swift in Sources */ = {isa = PBXBuildFile; fileRef = 633263D127ECE142002759D3 /* AbstractErrorParser.swift */; };
		633263D427ECE152002759D3 /* ErrorParser.swift in Sources */ = {isa = PBXBuildFile; fileRef = 633263D327ECE152002759D3 /* ErrorParser.swift */; };
		633263D627ECE172002759D3 /* ResponseCodable.swift in Sources */ = {isa = PBXBuildFile; fileRef = 633263D527ECE172002759D3 /* ResponseCodable.swift */; };
		633263D827ECE1B1002759D3 /* AbstractRequestFactory.swift in Sources */ = {isa = PBXBuildFile; fileRef = 633263D727ECE1B1002759D3 /* AbstractRequestFactory.swift */; };
		633263DA27ECE1D1002759D3 /* RequestRouter.swift in Sources */ = {isa = PBXBuildFile; fileRef = 633263D927ECE1D1002759D3 /* RequestRouter.swift */; };
		633263DD27ECE341002759D3 /* Alamofire in Frameworks */ = {isa = PBXBuildFile; productRef = 633263DC27ECE341002759D3 /* Alamofire */; };
		633263E527EE4702002759D3 /* SignupRequestFactory.swift in Sources */ = {isa = PBXBuildFile; fileRef = 633263E427EE4702002759D3 /* SignupRequestFactory.swift */; };
		633263E727EE472A002759D3 /* LogoutRequestFactory.swift in Sources */ = {isa = PBXBuildFile; fileRef = 633263E627EE472A002759D3 /* LogoutRequestFactory.swift */; };
		633263E927EE4761002759D3 /* ChangeUserDataRequestFactory.swift in Sources */ = {isa = PBXBuildFile; fileRef = 633263E827EE4761002759D3 /* ChangeUserDataRequestFactory.swift */; };
		633263EB27EE492E002759D3 /* ChangeUserData.swift in Sources */ = {isa = PBXBuildFile; fileRef = 633263EA27EE492E002759D3 /* ChangeUserData.swift */; };
		633263ED27EE4CC3002759D3 /* Signup.swift in Sources */ = {isa = PBXBuildFile; fileRef = 633263EC27EE4CC3002759D3 /* Signup.swift */; };
		633263EF27EE4DB9002759D3 /* Logout.swift in Sources */ = {isa = PBXBuildFile; fileRef = 633263EE27EE4DB9002759D3 /* Logout.swift */; };
		633263F127EE4FF1002759D3 /* GBShopViewController.swift in Sources */ = {isa = PBXBuildFile; fileRef = 633263F027EE4FF1002759D3 /* GBShopViewController.swift */; };
		633263F327F08C1E002759D3 /* MainGBShop.storyboard in Resources */ = {isa = PBXBuildFile; fileRef = 633263F227F08C1E002759D3 /* MainGBShop.storyboard */; };
		633263F527F3B76B002759D3 /* ResponseCodableTests.swift in Sources */ = {isa = PBXBuildFile; fileRef = 633263F427F3B76B002759D3 /* ResponseCodableTests.swift */; };
		633263F727F3BD95002759D3 /* RequestsTests.swift in Sources */ = {isa = PBXBuildFile; fileRef = 633263F627F3BD95002759D3 /* RequestsTests.swift */; };
		633263F927F3C02C002759D3 /* Catalog.swift in Sources */ = {isa = PBXBuildFile; fileRef = 633263F827F3C02B002759D3 /* Catalog.swift */; };
		633263FB27F3C0DE002759D3 /* CatalogRequestFactory.swift in Sources */ = {isa = PBXBuildFile; fileRef = 633263FA27F3C0DE002759D3 /* CatalogRequestFactory.swift */; };
		6332640127F73C25002759D3 /* GoodRequestFactory.swift in Sources */ = {isa = PBXBuildFile; fileRef = 6332640027F73C25002759D3 /* GoodRequestFactory.swift */; };
		6332640327F73C73002759D3 /* Good.swift in Sources */ = {isa = PBXBuildFile; fileRef = 6332640227F73C73002759D3 /* Good.swift */; };
		63363FAC2818286A007C530D /* GBShopTabBar.storyboard in Resources */ = {isa = PBXBuildFile; fileRef = 63363FAB2818286A007C530D /* GBShopTabBar.storyboard */; };
		63363FAF28182DE4007C530D /* GBShopTabBar.swift in Sources */ = {isa = PBXBuildFile; fileRef = 63363FAE28182DE4007C530D /* GBShopTabBar.swift */; };
		63363FB128183405007C530D /* Basket.storyboard in Resources */ = {isa = PBXBuildFile; fileRef = 63363FB028183405007C530D /* Basket.storyboard */; };
		63363FB328183435007C530D /* BasketController.swift in Sources */ = {isa = PBXBuildFile; fileRef = 63363FB228183435007C530D /* BasketController.swift */; };
		634E2392280D71970090F95D /* Login.storyboard in Resources */ = {isa = PBXBuildFile; fileRef = 634E2391280D71970090F95D /* Login.storyboard */; };
		634E2394280D7E410090F95D /* ChangeUserData.storyboard in Resources */ = {isa = PBXBuildFile; fileRef = 634E2393280D7E410090F95D /* ChangeUserData.storyboard */; };
		634E2396280D85E70090F95D /* LoginViewController.swift in Sources */ = {isa = PBXBuildFile; fileRef = 634E2395280D85E70090F95D /* LoginViewController.swift */; };
		634E2398280D860A0090F95D /* SignupViewController.swift in Sources */ = {isa = PBXBuildFile; fileRef = 634E2397280D86090090F95D /* SignupViewController.swift */; };
		634E239A280D86220090F95D /* ChangeUserDataViewController.swift in Sources */ = {isa = PBXBuildFile; fileRef = 634E2399280D86220090F95D /* ChangeUserDataViewController.swift */; };
		63535A182835416C0049FD64 /* MapRoute.swift in Sources */ = {isa = PBXBuildFile; fileRef = 63535A172835416C0049FD64 /* MapRoute.swift */; };
		63535A1A283542900049FD64 /* APIKeyGoogleMaps.swift in Sources */ = {isa = PBXBuildFile; fileRef = 63535A19283542900049FD64 /* APIKeyGoogleMaps.swift */; };
		63593EA2282EA1C8008C5F8E /* GoogleService-Info.plist in Resources */ = {isa = PBXBuildFile; fileRef = 63593EA1282EA1C8008C5F8E /* GoogleService-Info.plist */; };
		63593EA5282EA4BC008C5F8E /* FirebaseAnalytics in Frameworks */ = {isa = PBXBuildFile; productRef = 63593EA4282EA4BC008C5F8E /* FirebaseAnalytics */; };
		63593EA7282EA4BC008C5F8E /* FirebaseAuth in Frameworks */ = {isa = PBXBuildFile; productRef = 63593EA6282EA4BC008C5F8E /* FirebaseAuth */; };
		63593EA9282EA4BC008C5F8E /* FirebaseCrashlytics in Frameworks */ = {isa = PBXBuildFile; productRef = 63593EA8282EA4BC008C5F8E /* FirebaseCrashlytics */; };
		63593EAB282EBBA7008C5F8E /* LogLogin.swift in Sources */ = {isa = PBXBuildFile; fileRef = 63593EAA282EBBA7008C5F8E /* LogLogin.swift */; };
		638AF4F828184DD900528729 /* CatalogController.swift in Sources */ = {isa = PBXBuildFile; fileRef = 638AF4F728184DD900528729 /* CatalogController.swift */; };
		638AF4FA28184DE700528729 /* Catalog.storyboard in Resources */ = {isa = PBXBuildFile; fileRef = 638AF4F928184DE700528729 /* Catalog.storyboard */; };
		638F6437281ED4F9002A0F03 /* GoodsController.swift in Sources */ = {isa = PBXBuildFile; fileRef = 638F6436281ED4F9002A0F03 /* GoodsController.swift */; };
		638F6439281ED503002A0F03 /* Goods.storyboard in Resources */ = {isa = PBXBuildFile; fileRef = 638F6438281ED503002A0F03 /* Goods.storyboard */; };
		63B7CA01281BEAA800123DF2 /* CatalogCell.swift in Sources */ = {isa = PBXBuildFile; fileRef = 63B7CA00281BEAA800123DF2 /* CatalogCell.swift */; };
		63B7CA04281BF47800123DF2 /* LoadUIImageView.swift in Sources */ = {isa = PBXBuildFile; fileRef = 63B7CA03281BF47800123DF2 /* LoadUIImageView.swift */; };
		63BDCEDB2805989500365156 /* DefaultResponse.swift in Sources */ = {isa = PBXBuildFile; fileRef = 63BDCEDA2805989500365156 /* DefaultResponse.swift */; };
		63BDCEDD280598EF00365156 /* GoodResponse.swift in Sources */ = {isa = PBXBuildFile; fileRef = 63BDCEDC280598EF00365156 /* GoodResponse.swift */; };
		63BDCEDF2805999700365156 /* CatalogResponse.swift in Sources */ = {isa = PBXBuildFile; fileRef = 63BDCEDE2805999700365156 /* CatalogResponse.swift */; };
		63BDCEE12805A46300365156 /* ReviewResponse.swift in Sources */ = {isa = PBXBuildFile; fileRef = 63BDCEE02805A46300365156 /* ReviewResponse.swift */; };
		63BDCEE42805A51300365156 /* Reviews.swift in Sources */ = {isa = PBXBuildFile; fileRef = 63BDCEE32805A51300365156 /* Reviews.swift */; };
		63BDCEE62805A52E00365156 /* ReviewRequestFactory.swift in Sources */ = {isa = PBXBuildFile; fileRef = 63BDCEE52805A52E00365156 /* ReviewRequestFactory.swift */; };
		63BDCEEA2805A7BE00365156 /* AddReviewResponse.swift in Sources */ = {isa = PBXBuildFile; fileRef = 63BDCEE92805A7BE00365156 /* AddReviewResponse.swift */; };
		63BDCEED2809C3D000365156 /* BasketRequestFactory.swift in Sources */ = {isa = PBXBuildFile; fileRef = 63BDCEEC2809C3D000365156 /* BasketRequestFactory.swift */; };
		63BDCEEF2809C49100365156 /* BasketUser.swift in Sources */ = {isa = PBXBuildFile; fileRef = 63BDCEEE2809C49100365156 /* BasketUser.swift */; };
		63BDCEF12809C4F600365156 /* BasketResponse.swift in Sources */ = {isa = PBXBuildFile; fileRef = 63BDCEF02809C4F600365156 /* BasketResponse.swift */; };
		63BDCEF32809C56F00365156 /* Basket.swift in Sources */ = {isa = PBXBuildFile; fileRef = 63BDCEF22809C56F00365156 /* Basket.swift */; };
		63BDCEF5280D6E9800365156 /* Signup.storyboard in Resources */ = {isa = PBXBuildFile; fileRef = 63BDCEF4280D6E9800365156 /* Signup.storyboard */; };
		63D5E67628312A00006D065F /* MapController.swift in Sources */ = {isa = PBXBuildFile; fileRef = 63D5E67528312A00006D065F /* MapController.swift */; };
		63D5E67928312FA5006D065F /* GoogleMaps in Frameworks */ = {isa = PBXBuildFile; productRef = 63D5E67828312FA5006D065F /* GoogleMaps */; };
		63D5E67B28312FA5006D065F /* GoogleMapsBase in Frameworks */ = {isa = PBXBuildFile; productRef = 63D5E67A28312FA5006D065F /* GoogleMapsBase */; };
		63D5E67D28312FA5006D065F /* GoogleMapsCore in Frameworks */ = {isa = PBXBuildFile; productRef = 63D5E67C28312FA5006D065F /* GoogleMapsCore */; };
		63D5E67F28312FA5006D065F /* GoogleMapsM4B in Frameworks */ = {isa = PBXBuildFile; productRef = 63D5E67E28312FA5006D065F /* GoogleMapsM4B */; };
		63D5E68128312FA5006D065F /* GooglePlaces in Frameworks */ = {isa = PBXBuildFile; productRef = 63D5E68028312FA5006D065F /* GooglePlaces */; };
		63D825622831341A00DCC5C6 /* Map.storyboard in Resources */ = {isa = PBXBuildFile; fileRef = 63D825612831341A00DCC5C6 /* Map.storyboard */; };
		63EEAD83282A588C00C0B99F /* BasketSingle.swift in Sources */ = {isa = PBXBuildFile; fileRef = 63EEAD82282A588C00C0B99F /* BasketSingle.swift */; };
		63EEAD86282A59D400C0B99F /* BasketCell.swift in Sources */ = {isa = PBXBuildFile; fileRef = 63EEAD85282A59D400C0B99F /* BasketCell.swift */; };
		63F6436B280EE93700E33C7F /* UserProfileViewController.swift in Sources */ = {isa = PBXBuildFile; fileRef = 63F6436A280EE93700E33C7F /* UserProfileViewController.swift */; };
		63F6436D280EE96D00E33C7F /* UserProfile.storyboard in Resources */ = {isa = PBXBuildFile; fileRef = 63F6436C280EE96D00E33C7F /* UserProfile.storyboard */; };
/* End PBXBuildFile section */

/* Begin PBXContainerItemProxy section */
		633263A027E9EA82002759D3 /* PBXContainerItemProxy */ = {
			isa = PBXContainerItemProxy;
			containerPortal = 6332638127E9EA80002759D3 /* Project object */;
			proxyType = 1;
			remoteGlobalIDString = 6332638827E9EA80002759D3;
			remoteInfo = GBShop;
		};
		633263AA27E9EA82002759D3 /* PBXContainerItemProxy */ = {
			isa = PBXContainerItemProxy;
			containerPortal = 6332638127E9EA80002759D3 /* Project object */;
			proxyType = 1;
			remoteGlobalIDString = 6332638827E9EA80002759D3;
			remoteInfo = GBShop;
		};
/* End PBXContainerItemProxy section */

/* Begin PBXFileReference section */
		6332638927E9EA80002759D3 /* GBShop.app */ = {isa = PBXFileReference; explicitFileType = wrapper.application; includeInIndex = 0; path = GBShop.app; sourceTree = BUILT_PRODUCTS_DIR; };
		6332638C27E9EA80002759D3 /* AppDelegate.swift */ = {isa = PBXFileReference; lastKnownFileType = sourcecode.swift; path = AppDelegate.swift; sourceTree = "<group>"; };
		6332638E27E9EA80002759D3 /* SceneDelegate.swift */ = {isa = PBXFileReference; lastKnownFileType = sourcecode.swift; path = SceneDelegate.swift; sourceTree = "<group>"; };
		6332639527E9EA82002759D3 /* Assets.xcassets */ = {isa = PBXFileReference; lastKnownFileType = folder.assetcatalog; path = Assets.xcassets; sourceTree = "<group>"; };
		6332639827E9EA82002759D3 /* Base */ = {isa = PBXFileReference; lastKnownFileType = file.storyboard; name = Base; path = Base.lproj/LaunchScreen.storyboard; sourceTree = "<group>"; };
		6332639A27E9EA82002759D3 /* Info.plist */ = {isa = PBXFileReference; lastKnownFileType = text.plist.xml; path = Info.plist; sourceTree = "<group>"; };
		6332639F27E9EA82002759D3 /* GBShopTests.xctest */ = {isa = PBXFileReference; explicitFileType = wrapper.cfbundle; includeInIndex = 0; path = GBShopTests.xctest; sourceTree = BUILT_PRODUCTS_DIR; };
		633263A327E9EA82002759D3 /* GBShopTests.swift */ = {isa = PBXFileReference; lastKnownFileType = sourcecode.swift; path = GBShopTests.swift; sourceTree = "<group>"; };
		633263A927E9EA82002759D3 /* GBShopUITests.xctest */ = {isa = PBXFileReference; explicitFileType = wrapper.cfbundle; includeInIndex = 0; path = GBShopUITests.xctest; sourceTree = BUILT_PRODUCTS_DIR; };
		633263AD27E9EA82002759D3 /* GBShopUITests.swift */ = {isa = PBXFileReference; lastKnownFileType = sourcecode.swift; path = GBShopUITests.swift; sourceTree = "<group>"; };
		633263AF27E9EA82002759D3 /* GBShopUITestsLaunchTests.swift */ = {isa = PBXFileReference; lastKnownFileType = sourcecode.swift; path = GBShopUITestsLaunchTests.swift; sourceTree = "<group>"; };
		633263C627ECE092002759D3 /* LoginRequestFactory.swift */ = {isa = PBXFileReference; lastKnownFileType = sourcecode.swift; path = LoginRequestFactory.swift; sourceTree = "<group>"; };
		633263C827ECE0A5002759D3 /* Login.swift */ = {isa = PBXFileReference; lastKnownFileType = sourcecode.swift; path = Login.swift; sourceTree = "<group>"; };
		633263CA27ECE0C7002759D3 /* RequestFactory.swift */ = {isa = PBXFileReference; lastKnownFileType = sourcecode.swift; path = RequestFactory.swift; sourceTree = "<group>"; };
		633263CE27ECE0EA002759D3 /* User.swift */ = {isa = PBXFileReference; lastKnownFileType = sourcecode.swift; path = User.swift; sourceTree = "<group>"; };
		633263D127ECE142002759D3 /* AbstractErrorParser.swift */ = {isa = PBXFileReference; lastKnownFileType = sourcecode.swift; path = AbstractErrorParser.swift; sourceTree = "<group>"; };
		633263D327ECE152002759D3 /* ErrorParser.swift */ = {isa = PBXFileReference; lastKnownFileType = sourcecode.swift; path = ErrorParser.swift; sourceTree = "<group>"; };
		633263D527ECE172002759D3 /* ResponseCodable.swift */ = {isa = PBXFileReference; lastKnownFileType = sourcecode.swift; path = ResponseCodable.swift; sourceTree = "<group>"; };
		633263D727ECE1B1002759D3 /* AbstractRequestFactory.swift */ = {isa = PBXFileReference; lastKnownFileType = sourcecode.swift; path = AbstractRequestFactory.swift; sourceTree = "<group>"; };
		633263D927ECE1D1002759D3 /* RequestRouter.swift */ = {isa = PBXFileReference; lastKnownFileType = sourcecode.swift; path = RequestRouter.swift; sourceTree = "<group>"; };
		633263E427EE4702002759D3 /* SignupRequestFactory.swift */ = {isa = PBXFileReference; lastKnownFileType = sourcecode.swift; path = SignupRequestFactory.swift; sourceTree = "<group>"; };
		633263E627EE472A002759D3 /* LogoutRequestFactory.swift */ = {isa = PBXFileReference; lastKnownFileType = sourcecode.swift; path = LogoutRequestFactory.swift; sourceTree = "<group>"; };
		633263E827EE4761002759D3 /* ChangeUserDataRequestFactory.swift */ = {isa = PBXFileReference; lastKnownFileType = sourcecode.swift; path = ChangeUserDataRequestFactory.swift; sourceTree = "<group>"; };
		633263EA27EE492E002759D3 /* ChangeUserData.swift */ = {isa = PBXFileReference; lastKnownFileType = sourcecode.swift; path = ChangeUserData.swift; sourceTree = "<group>"; };
		633263EC27EE4CC3002759D3 /* Signup.swift */ = {isa = PBXFileReference; lastKnownFileType = sourcecode.swift; path = Signup.swift; sourceTree = "<group>"; };
		633263EE27EE4DB9002759D3 /* Logout.swift */ = {isa = PBXFileReference; lastKnownFileType = sourcecode.swift; path = Logout.swift; sourceTree = "<group>"; };
		633263F027EE4FF1002759D3 /* GBShopViewController.swift */ = {isa = PBXFileReference; lastKnownFileType = sourcecode.swift; path = GBShopViewController.swift; sourceTree = "<group>"; };
		633263F227F08C1E002759D3 /* MainGBShop.storyboard */ = {isa = PBXFileReference; lastKnownFileType = file.storyboard; path = MainGBShop.storyboard; sourceTree = "<group>"; };
		633263F427F3B76B002759D3 /* ResponseCodableTests.swift */ = {isa = PBXFileReference; lastKnownFileType = sourcecode.swift; path = ResponseCodableTests.swift; sourceTree = "<group>"; };
		633263F627F3BD95002759D3 /* RequestsTests.swift */ = {isa = PBXFileReference; lastKnownFileType = sourcecode.swift; path = RequestsTests.swift; sourceTree = "<group>"; };
		633263F827F3C02B002759D3 /* Catalog.swift */ = {isa = PBXFileReference; lastKnownFileType = sourcecode.swift; path = Catalog.swift; sourceTree = "<group>"; };
		633263FA27F3C0DE002759D3 /* CatalogRequestFactory.swift */ = {isa = PBXFileReference; lastKnownFileType = sourcecode.swift; path = CatalogRequestFactory.swift; sourceTree = "<group>"; };
		6332640027F73C25002759D3 /* GoodRequestFactory.swift */ = {isa = PBXFileReference; lastKnownFileType = sourcecode.swift; path = GoodRequestFactory.swift; sourceTree = "<group>"; };
		6332640227F73C73002759D3 /* Good.swift */ = {isa = PBXFileReference; lastKnownFileType = sourcecode.swift; path = Good.swift; sourceTree = "<group>"; };
		63363FAB2818286A007C530D /* GBShopTabBar.storyboard */ = {isa = PBXFileReference; lastKnownFileType = file.storyboard; path = GBShopTabBar.storyboard; sourceTree = "<group>"; };
		63363FAE28182DE4007C530D /* GBShopTabBar.swift */ = {isa = PBXFileReference; lastKnownFileType = sourcecode.swift; path = GBShopTabBar.swift; sourceTree = "<group>"; };
		63363FB028183405007C530D /* Basket.storyboard */ = {isa = PBXFileReference; lastKnownFileType = file.storyboard; path = Basket.storyboard; sourceTree = "<group>"; };
		63363FB228183435007C530D /* BasketController.swift */ = {isa = PBXFileReference; lastKnownFileType = sourcecode.swift; path = BasketController.swift; sourceTree = "<group>"; };
		634E2391280D71970090F95D /* Login.storyboard */ = {isa = PBXFileReference; lastKnownFileType = file.storyboard; path = Login.storyboard; sourceTree = "<group>"; };
		634E2393280D7E410090F95D /* ChangeUserData.storyboard */ = {isa = PBXFileReference; lastKnownFileType = file.storyboard; path = ChangeUserData.storyboard; sourceTree = "<group>"; };
		634E2395280D85E70090F95D /* LoginViewController.swift */ = {isa = PBXFileReference; lastKnownFileType = sourcecode.swift; path = LoginViewController.swift; sourceTree = "<group>"; };
		634E2397280D86090090F95D /* SignupViewController.swift */ = {isa = PBXFileReference; lastKnownFileType = sourcecode.swift; path = SignupViewController.swift; sourceTree = "<group>"; };
		634E2399280D86220090F95D /* ChangeUserDataViewController.swift */ = {isa = PBXFileReference; lastKnownFileType = sourcecode.swift; path = ChangeUserDataViewController.swift; sourceTree = "<group>"; };
		63535A172835416C0049FD64 /* MapRoute.swift */ = {isa = PBXFileReference; lastKnownFileType = sourcecode.swift; path = MapRoute.swift; sourceTree = "<group>"; };
		63535A19283542900049FD64 /* APIKeyGoogleMaps.swift */ = {isa = PBXFileReference; lastKnownFileType = sourcecode.swift; path = APIKeyGoogleMaps.swift; sourceTree = "<group>"; };
		63593EA1282EA1C8008C5F8E /* GoogleService-Info.plist */ = {isa = PBXFileReference; fileEncoding = 4; lastKnownFileType = text.plist.xml; path = "GoogleService-Info.plist"; sourceTree = "<group>"; };
		63593EAA282EBBA7008C5F8E /* LogLogin.swift */ = {isa = PBXFileReference; lastKnownFileType = sourcecode.swift; path = LogLogin.swift; sourceTree = "<group>"; };
		638AF4F728184DD900528729 /* CatalogController.swift */ = {isa = PBXFileReference; lastKnownFileType = sourcecode.swift; path = CatalogController.swift; sourceTree = "<group>"; };
		638AF4F928184DE700528729 /* Catalog.storyboard */ = {isa = PBXFileReference; lastKnownFileType = file.storyboard; path = Catalog.storyboard; sourceTree = "<group>"; };
		638F6436281ED4F9002A0F03 /* GoodsController.swift */ = {isa = PBXFileReference; lastKnownFileType = sourcecode.swift; path = GoodsController.swift; sourceTree = "<group>"; };
		638F6438281ED503002A0F03 /* Goods.storyboard */ = {isa = PBXFileReference; lastKnownFileType = file.storyboard; path = Goods.storyboard; sourceTree = "<group>"; };
		63B7CA00281BEAA800123DF2 /* CatalogCell.swift */ = {isa = PBXFileReference; lastKnownFileType = sourcecode.swift; path = CatalogCell.swift; sourceTree = "<group>"; };
		63B7CA03281BF47800123DF2 /* LoadUIImageView.swift */ = {isa = PBXFileReference; lastKnownFileType = sourcecode.swift; path = LoadUIImageView.swift; sourceTree = "<group>"; };
		63BDCEDA2805989500365156 /* DefaultResponse.swift */ = {isa = PBXFileReference; lastKnownFileType = sourcecode.swift; path = DefaultResponse.swift; sourceTree = "<group>"; };
		63BDCEDC280598EF00365156 /* GoodResponse.swift */ = {isa = PBXFileReference; lastKnownFileType = sourcecode.swift; path = GoodResponse.swift; sourceTree = "<group>"; };
		63BDCEDE2805999700365156 /* CatalogResponse.swift */ = {isa = PBXFileReference; lastKnownFileType = sourcecode.swift; path = CatalogResponse.swift; sourceTree = "<group>"; };
		63BDCEE02805A46300365156 /* ReviewResponse.swift */ = {isa = PBXFileReference; lastKnownFileType = sourcecode.swift; path = ReviewResponse.swift; sourceTree = "<group>"; };
		63BDCEE32805A51300365156 /* Reviews.swift */ = {isa = PBXFileReference; lastKnownFileType = sourcecode.swift; path = Reviews.swift; sourceTree = "<group>"; };
		63BDCEE52805A52E00365156 /* ReviewRequestFactory.swift */ = {isa = PBXFileReference; lastKnownFileType = sourcecode.swift; path = ReviewRequestFactory.swift; sourceTree = "<group>"; };
		63BDCEE92805A7BE00365156 /* AddReviewResponse.swift */ = {isa = PBXFileReference; lastKnownFileType = sourcecode.swift; path = AddReviewResponse.swift; sourceTree = "<group>"; };
		63BDCEEC2809C3D000365156 /* BasketRequestFactory.swift */ = {isa = PBXFileReference; lastKnownFileType = sourcecode.swift; path = BasketRequestFactory.swift; sourceTree = "<group>"; };
		63BDCEEE2809C49100365156 /* BasketUser.swift */ = {isa = PBXFileReference; lastKnownFileType = sourcecode.swift; path = BasketUser.swift; sourceTree = "<group>"; };
		63BDCEF02809C4F600365156 /* BasketResponse.swift */ = {isa = PBXFileReference; lastKnownFileType = sourcecode.swift; path = BasketResponse.swift; sourceTree = "<group>"; };
		63BDCEF22809C56F00365156 /* Basket.swift */ = {isa = PBXFileReference; lastKnownFileType = sourcecode.swift; path = Basket.swift; sourceTree = "<group>"; };
		63BDCEF4280D6E9800365156 /* Signup.storyboard */ = {isa = PBXFileReference; lastKnownFileType = file.storyboard; path = Signup.storyboard; sourceTree = "<group>"; };
		63D5E67528312A00006D065F /* MapController.swift */ = {isa = PBXFileReference; lastKnownFileType = sourcecode.swift; path = MapController.swift; sourceTree = "<group>"; };
		63D825612831341A00DCC5C6 /* Map.storyboard */ = {isa = PBXFileReference; lastKnownFileType = file.storyboard; path = Map.storyboard; sourceTree = "<group>"; };
		63EEAD82282A588C00C0B99F /* BasketSingle.swift */ = {isa = PBXFileReference; lastKnownFileType = sourcecode.swift; path = BasketSingle.swift; sourceTree = "<group>"; };
		63EEAD85282A59D400C0B99F /* BasketCell.swift */ = {isa = PBXFileReference; lastKnownFileType = sourcecode.swift; path = BasketCell.swift; sourceTree = "<group>"; };
		63F6436A280EE93700E33C7F /* UserProfileViewController.swift */ = {isa = PBXFileReference; lastKnownFileType = sourcecode.swift; path = UserProfileViewController.swift; sourceTree = "<group>"; };
		63F6436C280EE96D00E33C7F /* UserProfile.storyboard */ = {isa = PBXFileReference; lastKnownFileType = file.storyboard; path = UserProfile.storyboard; sourceTree = "<group>"; };
/* End PBXFileReference section */

/* Begin PBXFrameworksBuildPhase section */
		6332638627E9EA80002759D3 /* Frameworks */ = {
			isa = PBXFrameworksBuildPhase;
			buildActionMask = 2147483647;
			files = (
				63593EA5282EA4BC008C5F8E /* FirebaseAnalytics in Frameworks */,
				63593EA9282EA4BC008C5F8E /* FirebaseCrashlytics in Frameworks */,
				63D5E67928312FA5006D065F /* GoogleMaps in Frameworks */,
				63D5E68128312FA5006D065F /* GooglePlaces in Frameworks */,
				63D5E67B28312FA5006D065F /* GoogleMapsBase in Frameworks */,
				63593EA7282EA4BC008C5F8E /* FirebaseAuth in Frameworks */,
				633263DD27ECE341002759D3 /* Alamofire in Frameworks */,
				63D5E67F28312FA5006D065F /* GoogleMapsM4B in Frameworks */,
				63D5E67D28312FA5006D065F /* GoogleMapsCore in Frameworks */,
			);
			runOnlyForDeploymentPostprocessing = 0;
		};
		6332639C27E9EA82002759D3 /* Frameworks */ = {
			isa = PBXFrameworksBuildPhase;
			buildActionMask = 2147483647;
			files = (
			);
			runOnlyForDeploymentPostprocessing = 0;
		};
		633263A627E9EA82002759D3 /* Frameworks */ = {
			isa = PBXFrameworksBuildPhase;
			buildActionMask = 2147483647;
			files = (
			);
			runOnlyForDeploymentPostprocessing = 0;
		};
/* End PBXFrameworksBuildPhase section */

/* Begin PBXGroup section */
		6332638027E9EA80002759D3 = {
			isa = PBXGroup;
			children = (
				6332638B27E9EA80002759D3 /* GBShop */,
				633263A227E9EA82002759D3 /* GBShopTests */,
				633263AC27E9EA82002759D3 /* GBShopUITests */,
				633263C427E9EECA002759D3 /* Products */,
				6332638A27E9EA80002759D3 /* Products */,
			);
			sourceTree = "<group>";
		};
		6332638A27E9EA80002759D3 /* Products */ = {
			isa = PBXGroup;
			children = (
				6332638927E9EA80002759D3 /* GBShop.app */,
				6332639F27E9EA82002759D3 /* GBShopTests.xctest */,
				633263A927E9EA82002759D3 /* GBShopUITests.xctest */,
			);
			name = Products;
			sourceTree = "<group>";
		};
		6332638B27E9EA80002759D3 /* GBShop */ = {
			isa = PBXGroup;
			children = (
				633263BC27E9ED8D002759D3 /* App */,
				633263C127E9EE37002759D3 /* Core */,
				633263C227E9EE53002759D3 /* Resources */,
				633263C327E9EE93002759D3 /* Environments */,
			);
			path = GBShop;
			sourceTree = "<group>";
		};
		633263A227E9EA82002759D3 /* GBShopTests */ = {
			isa = PBXGroup;
			children = (
				633263A327E9EA82002759D3 /* GBShopTests.swift */,
				633263F427F3B76B002759D3 /* ResponseCodableTests.swift */,
				633263F627F3BD95002759D3 /* RequestsTests.swift */,
			);
			path = GBShopTests;
			sourceTree = "<group>";
		};
		633263AC27E9EA82002759D3 /* GBShopUITests */ = {
			isa = PBXGroup;
			children = (
				633263AD27E9EA82002759D3 /* GBShopUITests.swift */,
				633263AF27E9EA82002759D3 /* GBShopUITestsLaunchTests.swift */,
			);
			path = GBShopUITests;
			sourceTree = "<group>";
		};
		633263BC27E9ED8D002759D3 /* App */ = {
			isa = PBXGroup;
			children = (
				63593EA1282EA1C8008C5F8E /* GoogleService-Info.plist */,
				6332638C27E9EA80002759D3 /* AppDelegate.swift */,
				6332638E27E9EA80002759D3 /* SceneDelegate.swift */,
				63535A19283542900049FD64 /* APIKeyGoogleMaps.swift */,
				63B7CA02281BF44400123DF2 /* Helpers */,
				633263C027E9EDF5002759D3 /* BussinessLogic */,
				633263BF27E9EDDE002759D3 /* Entity */,
				633263BD27E9ED9F002759D3 /* Assembly */,
				633263BE27E9EDBE002759D3 /* Flows */,
			);
			path = App;
			sourceTree = "<group>";
		};
		633263BD27E9ED9F002759D3 /* Assembly */ = {
			isa = PBXGroup;
			children = (
			);
			path = Assembly;
			sourceTree = "<group>";
		};
		633263BE27E9EDBE002759D3 /* Flows */ = {
			isa = PBXGroup;
			children = (
				63363FAD28182D40007C530D /* TabBar */,
				634E239B280D86320090F95D /* MainGBShop */,
				634E239D280D865C0090F95D /* Login */,
				634E239C280D864D0090F95D /* Signup */,
				63F64369280EE91D00E33C7F /* UserProfile */,
				634E239E280D86640090F95D /* ChangeUserData */,
				638AF4FB28184DEE00528729 /* Catalog */,
				638F6435281ED4CA002A0F03 /* Goods */,
				638AF4F628184B6D00528729 /* Basket */,
				63EEAD84282A595600C0B99F /* Map */,
			);
			path = Flows;
			sourceTree = "<group>";
		};
		633263BF27E9EDDE002759D3 /* Entity */ = {
			isa = PBXGroup;
			children = (
				633263CE27ECE0EA002759D3 /* User.swift */,
				63BDCEDE2805999700365156 /* CatalogResponse.swift */,
				63BDCEDA2805989500365156 /* DefaultResponse.swift */,
				63BDCEDC280598EF00365156 /* GoodResponse.swift */,
				63BDCEE02805A46300365156 /* ReviewResponse.swift */,
				63BDCEE92805A7BE00365156 /* AddReviewResponse.swift */,
				63BDCEEE2809C49100365156 /* BasketUser.swift */,
				63BDCEF02809C4F600365156 /* BasketResponse.swift */,
				63EEAD82282A588C00C0B99F /* BasketSingle.swift */,
				63535A172835416C0049FD64 /* MapRoute.swift */,
			);
			path = Entity;
			sourceTree = "<group>";
		};
		633263C027E9EDF5002759D3 /* BussinessLogic */ = {
			isa = PBXGroup;
			children = (
				633263C527ECE051002759D3 /* Network */,
			);
			path = BussinessLogic;
			sourceTree = "<group>";
		};
		633263C127E9EE37002759D3 /* Core */ = {
			isa = PBXGroup;
			children = (
				633263D027ECE107002759D3 /* Network */,
			);
			path = Core;
			sourceTree = "<group>";
		};
		633263C227E9EE53002759D3 /* Resources */ = {
			isa = PBXGroup;
			children = (
				6332639527E9EA82002759D3 /* Assets.xcassets */,
				6332639727E9EA82002759D3 /* LaunchScreen.storyboard */,
			);
			path = Resources;
			sourceTree = "<group>";
		};
		633263C327E9EE93002759D3 /* Environments */ = {
			isa = PBXGroup;
			children = (
				6332639A27E9EA82002759D3 /* Info.plist */,
			);
			path = Environments;
			sourceTree = "<group>";
		};
		633263C427E9EECA002759D3 /* Products */ = {
			isa = PBXGroup;
			children = (
			);
			path = Products;
			sourceTree = "<group>";
		};
		633263C527ECE051002759D3 /* Network */ = {
			isa = PBXGroup;
			children = (
				63BDCEEB2809C3B000365156 /* Basket */,
				6332640427F73DF3002759D3 /* Signup */,
				6332640527F73E05002759D3 /* Login */,
				6332640627F73E14002759D3 /* ChangeUserData */,
				6332640727F73E2B002759D3 /* Logout */,
				6332640827F73E64002759D3 /* Catalog */,
				6332640927F73E74002759D3 /* Good */,
				63BDCEE22805A4E000365156 /* Reviews */,
				633263CA27ECE0C7002759D3 /* RequestFactory.swift */,
			);
			path = Network;
			sourceTree = "<group>";
		};
		633263D027ECE107002759D3 /* Network */ = {
			isa = PBXGroup;
			children = (
				633263D127ECE142002759D3 /* AbstractErrorParser.swift */,
				633263D327ECE152002759D3 /* ErrorParser.swift */,
				633263D527ECE172002759D3 /* ResponseCodable.swift */,
				633263D727ECE1B1002759D3 /* AbstractRequestFactory.swift */,
				633263D927ECE1D1002759D3 /* RequestRouter.swift */,
				63593EAA282EBBA7008C5F8E /* LogLogin.swift */,
			);
			path = Network;
			sourceTree = "<group>";
		};
		6332640427F73DF3002759D3 /* Signup */ = {
			isa = PBXGroup;
			children = (
				633263E427EE4702002759D3 /* SignupRequestFactory.swift */,
				633263EC27EE4CC3002759D3 /* Signup.swift */,
			);
			path = Signup;
			sourceTree = "<group>";
		};
		6332640527F73E05002759D3 /* Login */ = {
			isa = PBXGroup;
			children = (
				633263C627ECE092002759D3 /* LoginRequestFactory.swift */,
				633263C827ECE0A5002759D3 /* Login.swift */,
			);
			path = Login;
			sourceTree = "<group>";
		};
		6332640627F73E14002759D3 /* ChangeUserData */ = {
			isa = PBXGroup;
			children = (
				633263E827EE4761002759D3 /* ChangeUserDataRequestFactory.swift */,
				633263EA27EE492E002759D3 /* ChangeUserData.swift */,
			);
			path = ChangeUserData;
			sourceTree = "<group>";
		};
		6332640727F73E2B002759D3 /* Logout */ = {
			isa = PBXGroup;
			children = (
				633263E627EE472A002759D3 /* LogoutRequestFactory.swift */,
				633263EE27EE4DB9002759D3 /* Logout.swift */,
			);
			path = Logout;
			sourceTree = "<group>";
		};
		6332640827F73E64002759D3 /* Catalog */ = {
			isa = PBXGroup;
			children = (
				633263FA27F3C0DE002759D3 /* CatalogRequestFactory.swift */,
				633263F827F3C02B002759D3 /* Catalog.swift */,
			);
			path = Catalog;
			sourceTree = "<group>";
		};
		6332640927F73E74002759D3 /* Good */ = {
			isa = PBXGroup;
			children = (
				6332640027F73C25002759D3 /* GoodRequestFactory.swift */,
				6332640227F73C73002759D3 /* Good.swift */,
			);
			path = Good;
			sourceTree = "<group>";
		};
		63363FAD28182D40007C530D /* TabBar */ = {
			isa = PBXGroup;
			children = (
				63363FAB2818286A007C530D /* GBShopTabBar.storyboard */,
				63363FAE28182DE4007C530D /* GBShopTabBar.swift */,
			);
			path = TabBar;
			sourceTree = "<group>";
		};
		634E239B280D86320090F95D /* MainGBShop */ = {
			isa = PBXGroup;
			children = (
				633263F027EE4FF1002759D3 /* GBShopViewController.swift */,
				633263F227F08C1E002759D3 /* MainGBShop.storyboard */,
			);
			path = MainGBShop;
			sourceTree = "<group>";
		};
		634E239C280D864D0090F95D /* Signup */ = {
			isa = PBXGroup;
			children = (
				634E2397280D86090090F95D /* SignupViewController.swift */,
				63BDCEF4280D6E9800365156 /* Signup.storyboard */,
			);
			path = Signup;
			sourceTree = "<group>";
		};
		634E239D280D865C0090F95D /* Login */ = {
			isa = PBXGroup;
			children = (
				634E2395280D85E70090F95D /* LoginViewController.swift */,
				634E2391280D71970090F95D /* Login.storyboard */,
			);
			path = Login;
			sourceTree = "<group>";
		};
		634E239E280D86640090F95D /* ChangeUserData */ = {
			isa = PBXGroup;
			children = (
				634E2399280D86220090F95D /* ChangeUserDataViewController.swift */,
				634E2393280D7E410090F95D /* ChangeUserData.storyboard */,
			);
			path = ChangeUserData;
			sourceTree = "<group>";
		};
		638AF4F628184B6D00528729 /* Basket */ = {
			isa = PBXGroup;
			children = (
				63363FB228183435007C530D /* BasketController.swift */,
				63EEAD85282A59D400C0B99F /* BasketCell.swift */,
				63363FB028183405007C530D /* Basket.storyboard */,
			);
			path = Basket;
			sourceTree = "<group>";
		};
		638AF4FB28184DEE00528729 /* Catalog */ = {
			isa = PBXGroup;
			children = (
				638AF4F728184DD900528729 /* CatalogController.swift */,
				63B7CA00281BEAA800123DF2 /* CatalogCell.swift */,
				638AF4F928184DE700528729 /* Catalog.storyboard */,
			);
			path = Catalog;
			sourceTree = "<group>";
		};
		638F6435281ED4CA002A0F03 /* Goods */ = {
			isa = PBXGroup;
			children = (
				638F6436281ED4F9002A0F03 /* GoodsController.swift */,
				638F6438281ED503002A0F03 /* Goods.storyboard */,
			);
			path = Goods;
			sourceTree = "<group>";
		};
		63B7CA02281BF44400123DF2 /* Helpers */ = {
			isa = PBXGroup;
			children = (
				63B7CA03281BF47800123DF2 /* LoadUIImageView.swift */,
			);
			path = Helpers;
			sourceTree = "<group>";
		};
		63BDCEE22805A4E000365156 /* Reviews */ = {
			isa = PBXGroup;
			children = (
				63BDCEE52805A52E00365156 /* ReviewRequestFactory.swift */,
				63BDCEE32805A51300365156 /* Reviews.swift */,
			);
			path = Reviews;
			sourceTree = "<group>";
		};
		63BDCEEB2809C3B000365156 /* Basket */ = {
			isa = PBXGroup;
			children = (
				63BDCEEC2809C3D000365156 /* BasketRequestFactory.swift */,
				63BDCEF22809C56F00365156 /* Basket.swift */,
			);
			path = Basket;
			sourceTree = "<group>";
		};
		63EEAD84282A595600C0B99F /* Map */ = {
			isa = PBXGroup;
			children = (
				63D5E67528312A00006D065F /* MapController.swift */,
				63D825612831341A00DCC5C6 /* Map.storyboard */,
			);
			path = Map;
			sourceTree = "<group>";
		};
		63F64369280EE91D00E33C7F /* UserProfile */ = {
			isa = PBXGroup;
			children = (
				63F6436A280EE93700E33C7F /* UserProfileViewController.swift */,
				63F6436C280EE96D00E33C7F /* UserProfile.storyboard */,
			);
			path = UserProfile;
			sourceTree = "<group>";
		};
/* End PBXGroup section */

/* Begin PBXNativeTarget section */
		6332638827E9EA80002759D3 /* GBShop */ = {
			isa = PBXNativeTarget;
			buildConfigurationList = 633263B327E9EA82002759D3 /* Build configuration list for PBXNativeTarget "GBShop" */;
			buildPhases = (
				6332638527E9EA80002759D3 /* Sources */,
				6332638627E9EA80002759D3 /* Frameworks */,
				6332638727E9EA80002759D3 /* Resources */,
			);
			buildRules = (
			);
			dependencies = (
			);
			name = GBShop;
			packageProductDependencies = (
				633263DC27ECE341002759D3 /* Alamofire */,
				63593EA4282EA4BC008C5F8E /* FirebaseAnalytics */,
				63593EA6282EA4BC008C5F8E /* FirebaseAuth */,
				63593EA8282EA4BC008C5F8E /* FirebaseCrashlytics */,
				63D5E67828312FA5006D065F /* GoogleMaps */,
				63D5E67A28312FA5006D065F /* GoogleMapsBase */,
				63D5E67C28312FA5006D065F /* GoogleMapsCore */,
				63D5E67E28312FA5006D065F /* GoogleMapsM4B */,
				63D5E68028312FA5006D065F /* GooglePlaces */,
			);
			productName = GBShop;
			productReference = 6332638927E9EA80002759D3 /* GBShop.app */;
			productType = "com.apple.product-type.application";
		};
		6332639E27E9EA82002759D3 /* GBShopTests */ = {
			isa = PBXNativeTarget;
			buildConfigurationList = 633263B627E9EA82002759D3 /* Build configuration list for PBXNativeTarget "GBShopTests" */;
			buildPhases = (
				6332639B27E9EA82002759D3 /* Sources */,
				6332639C27E9EA82002759D3 /* Frameworks */,
				6332639D27E9EA82002759D3 /* Resources */,
			);
			buildRules = (
			);
			dependencies = (
				633263A127E9EA82002759D3 /* PBXTargetDependency */,
			);
			name = GBShopTests;
			productName = GBShopTests;
			productReference = 6332639F27E9EA82002759D3 /* GBShopTests.xctest */;
			productType = "com.apple.product-type.bundle.unit-test";
		};
		633263A827E9EA82002759D3 /* GBShopUITests */ = {
			isa = PBXNativeTarget;
			buildConfigurationList = 633263B927E9EA82002759D3 /* Build configuration list for PBXNativeTarget "GBShopUITests" */;
			buildPhases = (
				633263A527E9EA82002759D3 /* Sources */,
				633263A627E9EA82002759D3 /* Frameworks */,
				633263A727E9EA82002759D3 /* Resources */,
			);
			buildRules = (
			);
			dependencies = (
				633263AB27E9EA82002759D3 /* PBXTargetDependency */,
			);
			name = GBShopUITests;
			productName = GBShopUITests;
			productReference = 633263A927E9EA82002759D3 /* GBShopUITests.xctest */;
			productType = "com.apple.product-type.bundle.ui-testing";
		};
/* End PBXNativeTarget section */

/* Begin PBXProject section */
		6332638127E9EA80002759D3 /* Project object */ = {
			isa = PBXProject;
			attributes = {
				BuildIndependentTargetsInParallel = 1;
				LastSwiftUpdateCheck = 1310;
				LastUpgradeCheck = 1310;
				TargetAttributes = {
					6332638827E9EA80002759D3 = {
						CreatedOnToolsVersion = 13.1;
					};
					6332639E27E9EA82002759D3 = {
						CreatedOnToolsVersion = 13.1;
						TestTargetID = 6332638827E9EA80002759D3;
					};
					633263A827E9EA82002759D3 = {
						CreatedOnToolsVersion = 13.1;
						TestTargetID = 6332638827E9EA80002759D3;
					};
				};
			};
			buildConfigurationList = 6332638427E9EA80002759D3 /* Build configuration list for PBXProject "GBShop" */;
			compatibilityVersion = "Xcode 13.0";
			developmentRegion = en;
			hasScannedForEncodings = 0;
			knownRegions = (
				en,
				Base,
			);
			mainGroup = 6332638027E9EA80002759D3;
			packageReferences = (
				633263DB27ECE341002759D3 /* XCRemoteSwiftPackageReference "Alamofire" */,
				63593EA3282EA4BC008C5F8E /* XCRemoteSwiftPackageReference "firebase-ios-sdk" */,
				63D5E67728312FA4006D065F /* XCRemoteSwiftPackageReference "GoogleMaps-SP" */,
			);
			productRefGroup = 6332638A27E9EA80002759D3 /* Products */;
			projectDirPath = "";
			projectRoot = "";
			targets = (
				6332638827E9EA80002759D3 /* GBShop */,
				6332639E27E9EA82002759D3 /* GBShopTests */,
				633263A827E9EA82002759D3 /* GBShopUITests */,
			);
		};
/* End PBXProject section */

/* Begin PBXResourcesBuildPhase section */
		6332638727E9EA80002759D3 /* Resources */ = {
			isa = PBXResourcesBuildPhase;
			buildActionMask = 2147483647;
			files = (
				6332639927E9EA82002759D3 /* LaunchScreen.storyboard in Resources */,
				63363FB128183405007C530D /* Basket.storyboard in Resources */,
				6332639627E9EA82002759D3 /* Assets.xcassets in Resources */,
				634E2392280D71970090F95D /* Login.storyboard in Resources */,
				633263F327F08C1E002759D3 /* MainGBShop.storyboard in Resources */,
				63593EA2282EA1C8008C5F8E /* GoogleService-Info.plist in Resources */,
				638F6439281ED503002A0F03 /* Goods.storyboard in Resources */,
				63F6436D280EE96D00E33C7F /* UserProfile.storyboard in Resources */,
				638AF4FA28184DE700528729 /* Catalog.storyboard in Resources */,
				63363FAC2818286A007C530D /* GBShopTabBar.storyboard in Resources */,
				63BDCEF5280D6E9800365156 /* Signup.storyboard in Resources */,
				634E2394280D7E410090F95D /* ChangeUserData.storyboard in Resources */,
				63D825622831341A00DCC5C6 /* Map.storyboard in Resources */,
			);
			runOnlyForDeploymentPostprocessing = 0;
		};
		6332639D27E9EA82002759D3 /* Resources */ = {
			isa = PBXResourcesBuildPhase;
			buildActionMask = 2147483647;
			files = (
			);
			runOnlyForDeploymentPostprocessing = 0;
		};
		633263A727E9EA82002759D3 /* Resources */ = {
			isa = PBXResourcesBuildPhase;
			buildActionMask = 2147483647;
			files = (
			);
			runOnlyForDeploymentPostprocessing = 0;
		};
/* End PBXResourcesBuildPhase section */

/* Begin PBXSourcesBuildPhase section */
		6332638527E9EA80002759D3 /* Sources */ = {
			isa = PBXSourcesBuildPhase;
			buildActionMask = 2147483647;
			files = (
				633263D827ECE1B1002759D3 /* AbstractRequestFactory.swift in Sources */,
				63BDCEDB2805989500365156 /* DefaultResponse.swift in Sources */,
				63BDCEF32809C56F00365156 /* Basket.swift in Sources */,
				63B7CA01281BEAA800123DF2 /* CatalogCell.swift in Sources */,
				633263E727EE472A002759D3 /* LogoutRequestFactory.swift in Sources */,
				633263D627ECE172002759D3 /* ResponseCodable.swift in Sources */,
				6332638D27E9EA80002759D3 /* AppDelegate.swift in Sources */,
				633263F127EE4FF1002759D3 /* GBShopViewController.swift in Sources */,
				633263CB27ECE0C7002759D3 /* RequestFactory.swift in Sources */,
				6332638F27E9EA80002759D3 /* SceneDelegate.swift in Sources */,
				633263ED27EE4CC3002759D3 /* Signup.swift in Sources */,
				638F6437281ED4F9002A0F03 /* GoodsController.swift in Sources */,
				63BDCEE62805A52E00365156 /* ReviewRequestFactory.swift in Sources */,
				63F6436B280EE93700E33C7F /* UserProfileViewController.swift in Sources */,
				634E239A280D86220090F95D /* ChangeUserDataViewController.swift in Sources */,
				6332640127F73C25002759D3 /* GoodRequestFactory.swift in Sources */,
				633263F927F3C02C002759D3 /* Catalog.swift in Sources */,
				63EEAD83282A588C00C0B99F /* BasketSingle.swift in Sources */,
				633263D427ECE152002759D3 /* ErrorParser.swift in Sources */,
				63BDCEEA2805A7BE00365156 /* AddReviewResponse.swift in Sources */,
				638AF4F828184DD900528729 /* CatalogController.swift in Sources */,
				63BDCEED2809C3D000365156 /* BasketRequestFactory.swift in Sources */,
				63535A182835416C0049FD64 /* MapRoute.swift in Sources */,
				63D5E67628312A00006D065F /* MapController.swift in Sources */,
				63363FB328183435007C530D /* BasketController.swift in Sources */,
				63BDCEE12805A46300365156 /* ReviewResponse.swift in Sources */,
				63BDCEE42805A51300365156 /* Reviews.swift in Sources */,
				633263C727ECE092002759D3 /* LoginRequestFactory.swift in Sources */,
				633263DA27ECE1D1002759D3 /* RequestRouter.swift in Sources */,
				633263EF27EE4DB9002759D3 /* Logout.swift in Sources */,
				633263FB27F3C0DE002759D3 /* CatalogRequestFactory.swift in Sources */,
				634E2398280D860A0090F95D /* SignupViewController.swift in Sources */,
				63BDCEEF2809C49100365156 /* BasketUser.swift in Sources */,
				633263E927EE4761002759D3 /* ChangeUserDataRequestFactory.swift in Sources */,
				63BDCEDF2805999700365156 /* CatalogResponse.swift in Sources */,
				63BDCEF12809C4F600365156 /* BasketResponse.swift in Sources */,
				6332640327F73C73002759D3 /* Good.swift in Sources */,
				633263E527EE4702002759D3 /* SignupRequestFactory.swift in Sources */,
				63535A1A283542900049FD64 /* APIKeyGoogleMaps.swift in Sources */,
				633263EB27EE492E002759D3 /* ChangeUserData.swift in Sources */,
				63EEAD86282A59D400C0B99F /* BasketCell.swift in Sources */,
				63593EAB282EBBA7008C5F8E /* LogLogin.swift in Sources */,
				63363FAF28182DE4007C530D /* GBShopTabBar.swift in Sources */,
				63B7CA04281BF47800123DF2 /* LoadUIImageView.swift in Sources */,
				633263C927ECE0A5002759D3 /* Login.swift in Sources */,
				634E2396280D85E70090F95D /* LoginViewController.swift in Sources */,
				633263CF27ECE0EA002759D3 /* User.swift in Sources */,
				633263D227ECE142002759D3 /* AbstractErrorParser.swift in Sources */,
				63BDCEDD280598EF00365156 /* GoodResponse.swift in Sources */,
			);
			runOnlyForDeploymentPostprocessing = 0;
		};
		6332639B27E9EA82002759D3 /* Sources */ = {
			isa = PBXSourcesBuildPhase;
			buildActionMask = 2147483647;
			files = (
				633263A427E9EA82002759D3 /* GBShopTests.swift in Sources */,
				633263F527F3B76B002759D3 /* ResponseCodableTests.swift in Sources */,
				633263F727F3BD95002759D3 /* RequestsTests.swift in Sources */,
			);
			runOnlyForDeploymentPostprocessing = 0;
		};
		633263A527E9EA82002759D3 /* Sources */ = {
			isa = PBXSourcesBuildPhase;
			buildActionMask = 2147483647;
			files = (
				633263AE27E9EA82002759D3 /* GBShopUITests.swift in Sources */,
				633263B027E9EA82002759D3 /* GBShopUITestsLaunchTests.swift in Sources */,
			);
			runOnlyForDeploymentPostprocessing = 0;
		};
/* End PBXSourcesBuildPhase section */

/* Begin PBXTargetDependency section */
		633263A127E9EA82002759D3 /* PBXTargetDependency */ = {
			isa = PBXTargetDependency;
			target = 6332638827E9EA80002759D3 /* GBShop */;
			targetProxy = 633263A027E9EA82002759D3 /* PBXContainerItemProxy */;
		};
		633263AB27E9EA82002759D3 /* PBXTargetDependency */ = {
			isa = PBXTargetDependency;
			target = 6332638827E9EA80002759D3 /* GBShop */;
			targetProxy = 633263AA27E9EA82002759D3 /* PBXContainerItemProxy */;
		};
/* End PBXTargetDependency section */

/* Begin PBXVariantGroup section */
		6332639727E9EA82002759D3 /* LaunchScreen.storyboard */ = {
			isa = PBXVariantGroup;
			children = (
				6332639827E9EA82002759D3 /* Base */,
			);
			name = LaunchScreen.storyboard;
			sourceTree = "<group>";
		};
/* End PBXVariantGroup section */

/* Begin XCBuildConfiguration section */
		633263B127E9EA82002759D3 /* Debug */ = {
			isa = XCBuildConfiguration;
			buildSettings = {
				ALWAYS_SEARCH_USER_PATHS = NO;
				CLANG_ANALYZER_NONNULL = YES;
				CLANG_ANALYZER_NUMBER_OBJECT_CONVERSION = YES_AGGRESSIVE;
				CLANG_CXX_LANGUAGE_STANDARD = "gnu++17";
				CLANG_CXX_LIBRARY = "libc++";
				CLANG_ENABLE_MODULES = YES;
				CLANG_ENABLE_OBJC_ARC = YES;
				CLANG_ENABLE_OBJC_WEAK = YES;
				CLANG_WARN_BLOCK_CAPTURE_AUTORELEASING = YES;
				CLANG_WARN_BOOL_CONVERSION = YES;
				CLANG_WARN_COMMA = YES;
				CLANG_WARN_CONSTANT_CONVERSION = YES;
				CLANG_WARN_DEPRECATED_OBJC_IMPLEMENTATIONS = YES;
				CLANG_WARN_DIRECT_OBJC_ISA_USAGE = YES_ERROR;
				CLANG_WARN_DOCUMENTATION_COMMENTS = YES;
				CLANG_WARN_EMPTY_BODY = YES;
				CLANG_WARN_ENUM_CONVERSION = YES;
				CLANG_WARN_INFINITE_RECURSION = YES;
				CLANG_WARN_INT_CONVERSION = YES;
				CLANG_WARN_NON_LITERAL_NULL_CONVERSION = YES;
				CLANG_WARN_OBJC_IMPLICIT_RETAIN_SELF = YES;
				CLANG_WARN_OBJC_LITERAL_CONVERSION = YES;
				CLANG_WARN_OBJC_ROOT_CLASS = YES_ERROR;
				CLANG_WARN_QUOTED_INCLUDE_IN_FRAMEWORK_HEADER = YES;
				CLANG_WARN_RANGE_LOOP_ANALYSIS = YES;
				CLANG_WARN_STRICT_PROTOTYPES = YES;
				CLANG_WARN_SUSPICIOUS_MOVE = YES;
				CLANG_WARN_UNGUARDED_AVAILABILITY = YES_AGGRESSIVE;
				CLANG_WARN_UNREACHABLE_CODE = YES;
				CLANG_WARN__DUPLICATE_METHOD_MATCH = YES;
				COPY_PHASE_STRIP = NO;
				DEBUG_INFORMATION_FORMAT = dwarf;
				ENABLE_STRICT_OBJC_MSGSEND = YES;
				ENABLE_TESTABILITY = YES;
				EXCLUDED_ARCHS = "";
				GCC_C_LANGUAGE_STANDARD = gnu11;
				GCC_DYNAMIC_NO_PIC = NO;
				GCC_NO_COMMON_BLOCKS = YES;
				GCC_OPTIMIZATION_LEVEL = 0;
				GCC_PREPROCESSOR_DEFINITIONS = (
					"DEBUG=1",
					"$(inherited)",
				);
				GCC_WARN_64_TO_32_BIT_CONVERSION = YES;
				GCC_WARN_ABOUT_RETURN_TYPE = YES_ERROR;
				GCC_WARN_UNDECLARED_SELECTOR = YES;
				GCC_WARN_UNINITIALIZED_AUTOS = YES_AGGRESSIVE;
				GCC_WARN_UNUSED_FUNCTION = YES;
				GCC_WARN_UNUSED_VARIABLE = YES;
				GENERATE_INFOPLIST_FILE = NO;
				INFOPLIST_FILE = "";
				IPHONEOS_DEPLOYMENT_TARGET = 15.0;
				MTL_ENABLE_DEBUG_INFO = INCLUDE_SOURCE;
				MTL_FAST_MATH = YES;
				ONLY_ACTIVE_ARCH = YES;
				OTHER_LDFLAGS = "";
				SDKROOT = iphoneos;
				SWIFT_ACTIVE_COMPILATION_CONDITIONS = DEBUG;
				SWIFT_OPTIMIZATION_LEVEL = "-Onone";
			};
			name = Debug;
		};
		633263B227E9EA82002759D3 /* Release */ = {
			isa = XCBuildConfiguration;
			buildSettings = {
				ALWAYS_SEARCH_USER_PATHS = NO;
				CLANG_ANALYZER_NONNULL = YES;
				CLANG_ANALYZER_NUMBER_OBJECT_CONVERSION = YES_AGGRESSIVE;
				CLANG_CXX_LANGUAGE_STANDARD = "gnu++17";
				CLANG_CXX_LIBRARY = "libc++";
				CLANG_ENABLE_MODULES = YES;
				CLANG_ENABLE_OBJC_ARC = YES;
				CLANG_ENABLE_OBJC_WEAK = YES;
				CLANG_WARN_BLOCK_CAPTURE_AUTORELEASING = YES;
				CLANG_WARN_BOOL_CONVERSION = YES;
				CLANG_WARN_COMMA = YES;
				CLANG_WARN_CONSTANT_CONVERSION = YES;
				CLANG_WARN_DEPRECATED_OBJC_IMPLEMENTATIONS = YES;
				CLANG_WARN_DIRECT_OBJC_ISA_USAGE = YES_ERROR;
				CLANG_WARN_DOCUMENTATION_COMMENTS = YES;
				CLANG_WARN_EMPTY_BODY = YES;
				CLANG_WARN_ENUM_CONVERSION = YES;
				CLANG_WARN_INFINITE_RECURSION = YES;
				CLANG_WARN_INT_CONVERSION = YES;
				CLANG_WARN_NON_LITERAL_NULL_CONVERSION = YES;
				CLANG_WARN_OBJC_IMPLICIT_RETAIN_SELF = YES;
				CLANG_WARN_OBJC_LITERAL_CONVERSION = YES;
				CLANG_WARN_OBJC_ROOT_CLASS = YES_ERROR;
				CLANG_WARN_QUOTED_INCLUDE_IN_FRAMEWORK_HEADER = YES;
				CLANG_WARN_RANGE_LOOP_ANALYSIS = YES;
				CLANG_WARN_STRICT_PROTOTYPES = YES;
				CLANG_WARN_SUSPICIOUS_MOVE = YES;
				CLANG_WARN_UNGUARDED_AVAILABILITY = YES_AGGRESSIVE;
				CLANG_WARN_UNREACHABLE_CODE = YES;
				CLANG_WARN__DUPLICATE_METHOD_MATCH = YES;
				COPY_PHASE_STRIP = NO;
				DEBUG_INFORMATION_FORMAT = "dwarf-with-dsym";
				ENABLE_NS_ASSERTIONS = NO;
				ENABLE_STRICT_OBJC_MSGSEND = YES;
				EXCLUDED_ARCHS = "";
				GCC_C_LANGUAGE_STANDARD = gnu11;
				GCC_NO_COMMON_BLOCKS = YES;
				GCC_WARN_64_TO_32_BIT_CONVERSION = YES;
				GCC_WARN_ABOUT_RETURN_TYPE = YES_ERROR;
				GCC_WARN_UNDECLARED_SELECTOR = YES;
				GCC_WARN_UNINITIALIZED_AUTOS = YES_AGGRESSIVE;
				GCC_WARN_UNUSED_FUNCTION = YES;
				GCC_WARN_UNUSED_VARIABLE = YES;
				GENERATE_INFOPLIST_FILE = NO;
				INFOPLIST_FILE = "";
				IPHONEOS_DEPLOYMENT_TARGET = 15.0;
				MTL_ENABLE_DEBUG_INFO = NO;
				MTL_FAST_MATH = YES;
				ONLY_ACTIVE_ARCH = YES;
				OTHER_LDFLAGS = "";
				SDKROOT = iphoneos;
				SWIFT_COMPILATION_MODE = wholemodule;
				SWIFT_OPTIMIZATION_LEVEL = "-O";
				VALIDATE_PRODUCT = YES;
			};
			name = Release;
		};
		633263B427E9EA82002759D3 /* Debug */ = {
			isa = XCBuildConfiguration;
			buildSettings = {
				ARCHS = "$(ARCHS_STANDARD)";
				ASSETCATALOG_COMPILER_APPICON_NAME = AppIcon;
				ASSETCATALOG_COMPILER_GLOBAL_ACCENT_COLOR_NAME = AccentColor;
				CODE_SIGN_STYLE = Automatic;
				CURRENT_PROJECT_VERSION = 2;
				DEVELOPMENT_TEAM = GKJFG6VZG8;
				GENERATE_INFOPLIST_FILE = YES;
				INFOPLIST_FILE = GBShop/Environments/Info.plist;
				INFOPLIST_KEY_UIApplicationSupportsIndirectInputEvents = YES;
				INFOPLIST_KEY_UILaunchStoryboardName = LaunchScreen;
				INFOPLIST_KEY_UIMainStoryboardFile = MainGBShop;
				INFOPLIST_KEY_UISupportedInterfaceOrientations_iPad = "UIInterfaceOrientationPortrait UIInterfaceOrientationPortraitUpsideDown UIInterfaceOrientationLandscapeLeft UIInterfaceOrientationLandscapeRight";
				INFOPLIST_KEY_UISupportedInterfaceOrientations_iPhone = "UIInterfaceOrientationPortrait UIInterfaceOrientationLandscapeLeft UIInterfaceOrientationLandscapeRight";
				LD_RUNPATH_SEARCH_PATHS = (
					"$(inherited)",
					"@executable_path/Frameworks",
				);
				MARKETING_VERSION = 1.0;
				OTHER_LDFLAGS = "";
				PRODUCT_BUNDLE_IDENTIFIER = .GBShop;
				PRODUCT_NAME = "$(TARGET_NAME)";
				SWIFT_EMIT_LOC_STRINGS = YES;
				SWIFT_VERSION = 5.0;
				TARGETED_DEVICE_FAMILY = "1,2";
				VERSIONING_SYSTEM = "apple-generic";
			};
			name = Debug;
		};
		633263B527E9EA82002759D3 /* Release */ = {
			isa = XCBuildConfiguration;
			buildSettings = {
				ARCHS = "$(ARCHS_STANDARD)";
				ASSETCATALOG_COMPILER_APPICON_NAME = AppIcon;
				ASSETCATALOG_COMPILER_GLOBAL_ACCENT_COLOR_NAME = AccentColor;
				CODE_SIGN_STYLE = Automatic;
				CURRENT_PROJECT_VERSION = 2;
				DEVELOPMENT_TEAM = GKJFG6VZG8;
				GENERATE_INFOPLIST_FILE = YES;
				INFOPLIST_FILE = GBShop/Environments/Info.plist;
				INFOPLIST_KEY_UIApplicationSupportsIndirectInputEvents = YES;
				INFOPLIST_KEY_UILaunchStoryboardName = LaunchScreen;
				INFOPLIST_KEY_UIMainStoryboardFile = MainGBShop;
				INFOPLIST_KEY_UISupportedInterfaceOrientations_iPad = "UIInterfaceOrientationPortrait UIInterfaceOrientationPortraitUpsideDown UIInterfaceOrientationLandscapeLeft UIInterfaceOrientationLandscapeRight";
				INFOPLIST_KEY_UISupportedInterfaceOrientations_iPhone = "UIInterfaceOrientationPortrait UIInterfaceOrientationLandscapeLeft UIInterfaceOrientationLandscapeRight";
				LD_RUNPATH_SEARCH_PATHS = (
					"$(inherited)",
					"@executable_path/Frameworks",
				);
				MARKETING_VERSION = 1.0;
				OTHER_LDFLAGS = "";
				PRODUCT_BUNDLE_IDENTIFIER = .GBShop;
				PRODUCT_NAME = "$(TARGET_NAME)";
				SWIFT_EMIT_LOC_STRINGS = YES;
				SWIFT_VERSION = 5.0;
				TARGETED_DEVICE_FAMILY = "1,2";
				VERSIONING_SYSTEM = "apple-generic";
			};
			name = Release;
		};
		633263B727E9EA82002759D3 /* Debug */ = {
			isa = XCBuildConfiguration;
			buildSettings = {
				ALWAYS_EMBED_SWIFT_STANDARD_LIBRARIES = YES;
				BUNDLE_LOADER = "$(TEST_HOST)";
				CODE_SIGN_STYLE = Automatic;
				CURRENT_PROJECT_VERSION = 2;
				DEVELOPMENT_TEAM = GKJFG6VZG8;
				GENERATE_INFOPLIST_FILE = YES;
				IPHONEOS_DEPLOYMENT_TARGET = 15.0;
				LD_RUNPATH_SEARCH_PATHS = (
					"$(inherited)",
					"@executable_path/Frameworks",
					"@loader_path/Frameworks",
				);
				MARKETING_VERSION = 1.0;
				PRODUCT_BUNDLE_IDENTIFIER = "-.GBShopTests";
				PRODUCT_NAME = "$(TARGET_NAME)";
				SWIFT_EMIT_LOC_STRINGS = NO;
				SWIFT_VERSION = 5.0;
				TARGETED_DEVICE_FAMILY = "1,2";
				TEST_HOST = "$(BUILT_PRODUCTS_DIR)/GBShop.app/GBShop";
			};
			name = Debug;
		};
		633263B827E9EA82002759D3 /* Release */ = {
			isa = XCBuildConfiguration;
			buildSettings = {
				ALWAYS_EMBED_SWIFT_STANDARD_LIBRARIES = YES;
				BUNDLE_LOADER = "$(TEST_HOST)";
				CODE_SIGN_STYLE = Automatic;
				CURRENT_PROJECT_VERSION = 2;
				DEVELOPMENT_TEAM = GKJFG6VZG8;
				GENERATE_INFOPLIST_FILE = YES;
				IPHONEOS_DEPLOYMENT_TARGET = 15.0;
				LD_RUNPATH_SEARCH_PATHS = (
					"$(inherited)",
					"@executable_path/Frameworks",
					"@loader_path/Frameworks",
				);
				MARKETING_VERSION = 1.0;
				PRODUCT_BUNDLE_IDENTIFIER = "-.GBShopTests";
				PRODUCT_NAME = "$(TARGET_NAME)";
				SWIFT_EMIT_LOC_STRINGS = NO;
				SWIFT_VERSION = 5.0;
				TARGETED_DEVICE_FAMILY = "1,2";
				TEST_HOST = "$(BUILT_PRODUCTS_DIR)/GBShop.app/GBShop";
			};
			name = Release;
		};
		633263BA27E9EA82002759D3 /* Debug */ = {
			isa = XCBuildConfiguration;
			buildSettings = {
				ALWAYS_EMBED_SWIFT_STANDARD_LIBRARIES = YES;
				CODE_SIGN_STYLE = Automatic;
				CURRENT_PROJECT_VERSION = 2;
				DEVELOPMENT_TEAM = GKJFG6VZG8;
				GENERATE_INFOPLIST_FILE = YES;
				LD_RUNPATH_SEARCH_PATHS = (
					"$(inherited)",
					"@executable_path/Frameworks",
					"@loader_path/Frameworks",
				);
				MARKETING_VERSION = 1.0;
				PRODUCT_BUNDLE_IDENTIFIER = "-.GBShopUITests";
				PRODUCT_NAME = "$(TARGET_NAME)";
				SWIFT_EMIT_LOC_STRINGS = NO;
				SWIFT_VERSION = 5.0;
				TARGETED_DEVICE_FAMILY = "1,2";
				TEST_TARGET_NAME = GBShop;
			};
			name = Debug;
		};
		633263BB27E9EA82002759D3 /* Release */ = {
			isa = XCBuildConfiguration;
			buildSettings = {
				ALWAYS_EMBED_SWIFT_STANDARD_LIBRARIES = YES;
				CODE_SIGN_STYLE = Automatic;
				CURRENT_PROJECT_VERSION = 2;
				DEVELOPMENT_TEAM = GKJFG6VZG8;
				GENERATE_INFOPLIST_FILE = YES;
				LD_RUNPATH_SEARCH_PATHS = (
					"$(inherited)",
					"@executable_path/Frameworks",
					"@loader_path/Frameworks",
				);
				MARKETING_VERSION = 1.0;
				PRODUCT_BUNDLE_IDENTIFIER = "-.GBShopUITests";
				PRODUCT_NAME = "$(TARGET_NAME)";
				SWIFT_EMIT_LOC_STRINGS = NO;
				SWIFT_VERSION = 5.0;
				TARGETED_DEVICE_FAMILY = "1,2";
				TEST_TARGET_NAME = GBShop;
			};
			name = Release;
		};
/* End XCBuildConfiguration section */

/* Begin XCConfigurationList section */
		6332638427E9EA80002759D3 /* Build configuration list for PBXProject "GBShop" */ = {
			isa = XCConfigurationList;
			buildConfigurations = (
				633263B127E9EA82002759D3 /* Debug */,
				633263B227E9EA82002759D3 /* Release */,
			);
			defaultConfigurationIsVisible = 0;
			defaultConfigurationName = Release;
		};
		633263B327E9EA82002759D3 /* Build configuration list for PBXNativeTarget "GBShop" */ = {
			isa = XCConfigurationList;
			buildConfigurations = (
				633263B427E9EA82002759D3 /* Debug */,
				633263B527E9EA82002759D3 /* Release */,
			);
			defaultConfigurationIsVisible = 0;
			defaultConfigurationName = Release;
		};
		633263B627E9EA82002759D3 /* Build configuration list for PBXNativeTarget "GBShopTests" */ = {
			isa = XCConfigurationList;
			buildConfigurations = (
				633263B727E9EA82002759D3 /* Debug */,
				633263B827E9EA82002759D3 /* Release */,
			);
			defaultConfigurationIsVisible = 0;
			defaultConfigurationName = Release;
		};
		633263B927E9EA82002759D3 /* Build configuration list for PBXNativeTarget "GBShopUITests" */ = {
			isa = XCConfigurationList;
			buildConfigurations = (
				633263BA27E9EA82002759D3 /* Debug */,
				633263BB27E9EA82002759D3 /* Release */,
			);
			defaultConfigurationIsVisible = 0;
			defaultConfigurationName = Release;
		};
/* End XCConfigurationList section */

/* Begin XCRemoteSwiftPackageReference section */
		633263DB27ECE341002759D3 /* XCRemoteSwiftPackageReference "Alamofire" */ = {
			isa = XCRemoteSwiftPackageReference;
			repositoryURL = "https://github.com/Alamofire/Alamofire.git";
			requirement = {
				branch = master;
				kind = branch;
			};
		};
		63593EA3282EA4BC008C5F8E /* XCRemoteSwiftPackageReference "firebase-ios-sdk" */ = {
			isa = XCRemoteSwiftPackageReference;
			repositoryURL = "https://github.com/firebase/firebase-ios-sdk";
			requirement = {
				kind = upToNextMajorVersion;
				minimumVersion = 9.0.0;
			};
		};
		63D5E67728312FA4006D065F /* XCRemoteSwiftPackageReference "GoogleMaps-SP" */ = {
			isa = XCRemoteSwiftPackageReference;
			repositoryURL = "https://github.com/YAtechnologies/GoogleMaps-SP.git";
			requirement = {
				kind = upToNextMajorVersion;
				minimumVersion = 6.0.0;
			};
		};
/* End XCRemoteSwiftPackageReference section */

/* Begin XCSwiftPackageProductDependency section */
		633263DC27ECE341002759D3 /* Alamofire */ = {
			isa = XCSwiftPackageProductDependency;
			package = 633263DB27ECE341002759D3 /* XCRemoteSwiftPackageReference "Alamofire" */;
			productName = Alamofire;
		};
		63593EA4282EA4BC008C5F8E /* FirebaseAnalytics */ = {
			isa = XCSwiftPackageProductDependency;
			package = 63593EA3282EA4BC008C5F8E /* XCRemoteSwiftPackageReference "firebase-ios-sdk" */;
			productName = FirebaseAnalytics;
		};
		63593EA6282EA4BC008C5F8E /* FirebaseAuth */ = {
			isa = XCSwiftPackageProductDependency;
			package = 63593EA3282EA4BC008C5F8E /* XCRemoteSwiftPackageReference "firebase-ios-sdk" */;
			productName = FirebaseAuth;
		};
		63593EA8282EA4BC008C5F8E /* FirebaseCrashlytics */ = {
			isa = XCSwiftPackageProductDependency;
			package = 63593EA3282EA4BC008C5F8E /* XCRemoteSwiftPackageReference "firebase-ios-sdk" */;
			productName = FirebaseCrashlytics;
		};
		63D5E67828312FA5006D065F /* GoogleMaps */ = {
			isa = XCSwiftPackageProductDependency;
			package = 63D5E67728312FA4006D065F /* XCRemoteSwiftPackageReference "GoogleMaps-SP" */;
			productName = GoogleMaps;
		};
		63D5E67A28312FA5006D065F /* GoogleMapsBase */ = {
			isa = XCSwiftPackageProductDependency;
			package = 63D5E67728312FA4006D065F /* XCRemoteSwiftPackageReference "GoogleMaps-SP" */;
			productName = GoogleMapsBase;
		};
		63D5E67C28312FA5006D065F /* GoogleMapsCore */ = {
			isa = XCSwiftPackageProductDependency;
			package = 63D5E67728312FA4006D065F /* XCRemoteSwiftPackageReference "GoogleMaps-SP" */;
			productName = GoogleMapsCore;
		};
		63D5E67E28312FA5006D065F /* GoogleMapsM4B */ = {
			isa = XCSwiftPackageProductDependency;
			package = 63D5E67728312FA4006D065F /* XCRemoteSwiftPackageReference "GoogleMaps-SP" */;
			productName = GoogleMapsM4B;
		};
		63D5E68028312FA5006D065F /* GooglePlaces */ = {
			isa = XCSwiftPackageProductDependency;
			package = 63D5E67728312FA4006D065F /* XCRemoteSwiftPackageReference "GoogleMaps-SP" */;
			productName = GooglePlaces;
		};
/* End XCSwiftPackageProductDependency section */
	};
	rootObject = 6332638127E9EA80002759D3 /* Project object */;
}
