// !$*UTF8*$!
{
	archiveVersion = 1;
	classes = {
	};
	objectVersion = 55;
	objects = {

/* Begin PBXBuildFile section */
		6332638D27E9EA80002759D3 /* AppDelegate.swift in Sources */ = {isa = PBXBuildFile; fileRef = 6332638C27E9EA80002759D3 /* AppDelegate.swift */; };
		6332638F27E9EA80002759D3 /* SceneDelegate.swift in Sources */ = {isa = PBXBuildFile; fileRef = 6332638E27E9EA80002759D3 /* SceneDelegate.swift */; };
		6332639127E9EA80002759D3 /* ViewController.swift in Sources */ = {isa = PBXBuildFile; fileRef = 6332639027E9EA80002759D3 /* ViewController.swift */; };
		6332639427E9EA80002759D3 /* Main.storyboard in Resources */ = {isa = PBXBuildFile; fileRef = 6332639227E9EA80002759D3 /* Main.storyboard */; };
		6332639627E9EA82002759D3 /* Assets.xcassets in Resources */ = {isa = PBXBuildFile; fileRef = 6332639527E9EA82002759D3 /* Assets.xcassets */; };
		6332639927E9EA82002759D3 /* LaunchScreen.storyboard in Resources */ = {isa = PBXBuildFile; fileRef = 6332639727E9EA82002759D3 /* LaunchScreen.storyboard */; };
		633263A427E9EA82002759D3 /* GBShopTests.swift in Sources */ = {isa = PBXBuildFile; fileRef = 633263A327E9EA82002759D3 /* GBShopTests.swift */; };
		633263AE27E9EA82002759D3 /* GBShopUITests.swift in Sources */ = {isa = PBXBuildFile; fileRef = 633263AD27E9EA82002759D3 /* GBShopUITests.swift */; };
		633263B027E9EA82002759D3 /* GBShopUITestsLaunchTests.swift in Sources */ = {isa = PBXBuildFile; fileRef = 633263AF27E9EA82002759D3 /* GBShopUITestsLaunchTests.swift */; };
/* End PBXBuildFile section */

/* Begin PBXContainerItemProxy section */
		633263A027E9EA82002759D3 /* PBXContainerItemProxy */ = {
			isa = PBXContainerItemProxy;
			containerPortal = 6332638127E9EA80002759D3 /* Project object */;
			proxyType = 1;
			remoteGlobalIDString = 6332638827E9EA80002759D3;
			remoteInfo = GBShop;
		};
		633263AA27E9EA82002759D3 /* PBXContainerItemProxy */ = {
			isa = PBXContainerItemProxy;
			containerPortal = 6332638127E9EA80002759D3 /* Project object */;
			proxyType = 1;
			remoteGlobalIDString = 6332638827E9EA80002759D3;
			remoteInfo = GBShop;
		};
/* End PBXContainerItemProxy section */

/* Begin PBXFileReference section */
		6332638927E9EA80002759D3 /* GBShop.app */ = {isa = PBXFileReference; explicitFileType = wrapper.application; includeInIndex = 0; path = GBShop.app; sourceTree = BUILT_PRODUCTS_DIR; };
		6332638C27E9EA80002759D3 /* AppDelegate.swift */ = {isa = PBXFileReference; lastKnownFileType = sourcecode.swift; path = AppDelegate.swift; sourceTree = "<group>"; };
		6332638E27E9EA80002759D3 /* SceneDelegate.swift */ = {isa = PBXFileReference; lastKnownFileType = sourcecode.swift; path = SceneDelegate.swift; sourceTree = "<group>"; };
		6332639027E9EA80002759D3 /* ViewController.swift */ = {isa = PBXFileReference; lastKnownFileType = sourcecode.swift; path = ViewController.swift; sourceTree = "<group>"; };
		6332639327E9EA80002759D3 /* Base */ = {isa = PBXFileReference; lastKnownFileType = file.storyboard; name = Base; path = Base.lproj/Main.storyboard; sourceTree = "<group>"; };
		6332639527E9EA82002759D3 /* Assets.xcassets */ = {isa = PBXFileReference; lastKnownFileType = folder.assetcatalog; path = Assets.xcassets; sourceTree = "<group>"; };
		6332639827E9EA82002759D3 /* Base */ = {isa = PBXFileReference; lastKnownFileType = file.storyboard; name = Base; path = Base.lproj/LaunchScreen.storyboard; sourceTree = "<group>"; };
		6332639A27E9EA82002759D3 /* Info.plist */ = {isa = PBXFileReference; lastKnownFileType = text.plist.xml; path = Info.plist; sourceTree = "<group>"; };
		6332639F27E9EA82002759D3 /* GBShopTests.xctest */ = {isa = PBXFileReference; explicitFileType = wrapper.cfbundle; includeInIndex = 0; path = GBShopTests.xctest; sourceTree = BUILT_PRODUCTS_DIR; };
		633263A327E9EA82002759D3 /* GBShopTests.swift */ = {isa = PBXFileReference; lastKnownFileType = sourcecode.swift; path = GBShopTests.swift; sourceTree = "<group>"; };
		633263A927E9EA82002759D3 /* GBShopUITests.xctest */ = {isa = PBXFileReference; explicitFileType = wrapper.cfbundle; includeInIndex = 0; path = GBShopUITests.xctest; sourceTree = BUILT_PRODUCTS_DIR; };
		633263AD27E9EA82002759D3 /* GBShopUITests.swift */ = {isa = PBXFileReference; lastKnownFileType = sourcecode.swift; path = GBShopUITests.swift; sourceTree = "<group>"; };
		633263AF27E9EA82002759D3 /* GBShopUITestsLaunchTests.swift */ = {isa = PBXFileReference; lastKnownFileType = sourcecode.swift; path = GBShopUITestsLaunchTests.swift; sourceTree = "<group>"; };
/* End PBXFileReference section */

/* Begin PBXFrameworksBuildPhase section */
		6332638627E9EA80002759D3 /* Frameworks */ = {
			isa = PBXFrameworksBuildPhase;
			buildActionMask = 2147483647;
			files = (
			);
			runOnlyForDeploymentPostprocessing = 0;
		};
		6332639C27E9EA82002759D3 /* Frameworks */ = {
			isa = PBXFrameworksBuildPhase;
			buildActionMask = 2147483647;
			files = (
			);
			runOnlyForDeploymentPostprocessing = 0;
		};
		633263A627E9EA82002759D3 /* Frameworks */ = {
			isa = PBXFrameworksBuildPhase;
			buildActionMask = 2147483647;
			files = (
			);
			runOnlyForDeploymentPostprocessing = 0;
		};
/* End PBXFrameworksBuildPhase section */

/* Begin PBXGroup section */
		6332638027E9EA80002759D3 = {
			isa = PBXGroup;
			children = (
				6332638B27E9EA80002759D3 /* GBShop */,
				633263A227E9EA82002759D3 /* GBShopTests */,
				633263AC27E9EA82002759D3 /* GBShopUITests */,
				6332638A27E9EA80002759D3 /* Products */,
			);
			sourceTree = "<group>";
		};
		6332638A27E9EA80002759D3 /* Products */ = {
			isa = PBXGroup;
			children = (
				6332638927E9EA80002759D3 /* GBShop.app */,
				6332639F27E9EA82002759D3 /* GBShopTests.xctest */,
				633263A927E9EA82002759D3 /* GBShopUITests.xctest */,
			);
			name = Products;
			sourceTree = "<group>";
		};
		6332638B27E9EA80002759D3 /* GBShop */ = {
			isa = PBXGroup;
			children = (
				6332638C27E9EA80002759D3 /* AppDelegate.swift */,
				6332638E27E9EA80002759D3 /* SceneDelegate.swift */,
				6332639027E9EA80002759D3 /* ViewController.swift */,
				6332639227E9EA80002759D3 /* Main.storyboard */,
				6332639527E9EA82002759D3 /* Assets.xcassets */,
				6332639727E9EA82002759D3 /* LaunchScreen.storyboard */,
				6332639A27E9EA82002759D3 /* Info.plist */,
			);
			path = GBShop;
			sourceTree = "<group>";
		};
		633263A227E9EA82002759D3 /* GBShopTests */ = {
			isa = PBXGroup;
			children = (
				633263A327E9EA82002759D3 /* GBShopTests.swift */,
			);
			path = GBShopTests;
			sourceTree = "<group>";
		};
		633263AC27E9EA82002759D3 /* GBShopUITests */ = {
			isa = PBXGroup;
			children = (
				633263AD27E9EA82002759D3 /* GBShopUITests.swift */,
				633263AF27E9EA82002759D3 /* GBShopUITestsLaunchTests.swift */,
			);
			path = GBShopUITests;
			sourceTree = "<group>";
		};
/* End PBXGroup section */

/* Begin PBXNativeTarget section */
		6332638827E9EA80002759D3 /* GBShop */ = {
			isa = PBXNativeTarget;
			buildConfigurationList = 633263B327E9EA82002759D3 /* Build configuration list for PBXNativeTarget "GBShop" */;
			buildPhases = (
				6332638527E9EA80002759D3 /* Sources */,
				6332638627E9EA80002759D3 /* Frameworks */,
				6332638727E9EA80002759D3 /* Resources */,
			);
			buildRules = (
			);
			dependencies = (
			);
			name = GBShop;
			productName = GBShop;
			productReference = 6332638927E9EA80002759D3 /* GBShop.app */;
			productType = "com.apple.product-type.application";
		};
		6332639E27E9EA82002759D3 /* GBShopTests */ = {
			isa = PBXNativeTarget;
			buildConfigurationList = 633263B627E9EA82002759D3 /* Build configuration list for PBXNativeTarget "GBShopTests" */;
			buildPhases = (
				6332639B27E9EA82002759D3 /* Sources */,
				6332639C27E9EA82002759D3 /* Frameworks */,
				6332639D27E9EA82002759D3 /* Resources */,
			);
			buildRules = (
			);
			dependencies = (
				633263A127E9EA82002759D3 /* PBXTargetDependency */,
			);
			name = GBShopTests;
			productName = GBShopTests;
			productReference = 6332639F27E9EA82002759D3 /* GBShopTests.xctest */;
			productType = "com.apple.product-type.bundle.unit-test";
		};
		633263A827E9EA82002759D3 /* GBShopUITests */ = {
			isa = PBXNativeTarget;
			buildConfigurationList = 633263B927E9EA82002759D3 /* Build configuration list for PBXNativeTarget "GBShopUITests" */;
			buildPhases = (
				633263A527E9EA82002759D3 /* Sources */,
				633263A627E9EA82002759D3 /* Frameworks */,
				633263A727E9EA82002759D3 /* Resources */,
			);
			buildRules = (
			);
			dependencies = (
				633263AB27E9EA82002759D3 /* PBXTargetDependency */,
			);
			name = GBShopUITests;
			productName = GBShopUITests;
			productReference = 633263A927E9EA82002759D3 /* GBShopUITests.xctest */;
			productType = "com.apple.product-type.bundle.ui-testing";
		};
/* End PBXNativeTarget section */

/* Begin PBXProject section */
		6332638127E9EA80002759D3 /* Project object */ = {
			isa = PBXProject;
			attributes = {
				BuildIndependentTargetsInParallel = 1;
				LastSwiftUpdateCheck = 1310;
				LastUpgradeCheck = 1310;
				TargetAttributes = {
					6332638827E9EA80002759D3 = {
						CreatedOnToolsVersion = 13.1;
					};
					6332639E27E9EA82002759D3 = {
						CreatedOnToolsVersion = 13.1;
						TestTargetID = 6332638827E9EA80002759D3;
					};
					633263A827E9EA82002759D3 = {
						CreatedOnToolsVersion = 13.1;
						TestTargetID = 6332638827E9EA80002759D3;
					};
				};
			};
			buildConfigurationList = 6332638427E9EA80002759D3 /* Build configuration list for PBXProject "GBShop" */;
			compatibilityVersion = "Xcode 13.0";
			developmentRegion = en;
			hasScannedForEncodings = 0;
			knownRegions = (
				en,
				Base,
			);
			mainGroup = 6332638027E9EA80002759D3;
			productRefGroup = 6332638A27E9EA80002759D3 /* Products */;
			projectDirPath = "";
			projectRoot = "";
			targets = (
				6332638827E9EA80002759D3 /* GBShop */,
				6332639E27E9EA82002759D3 /* GBShopTests */,
				633263A827E9EA82002759D3 /* GBShopUITests */,
			);
		};
/* End PBXProject section */

/* Begin PBXResourcesBuildPhase section */
		6332638727E9EA80002759D3 /* Resources */ = {
			isa = PBXResourcesBuildPhase;
			buildActionMask = 2147483647;
			files = (
				6332639927E9EA82002759D3 /* LaunchScreen.storyboard in Resources */,
				6332639627E9EA82002759D3 /* Assets.xcassets in Resources */,
				6332639427E9EA80002759D3 /* Main.storyboard in Resources */,
			);
			runOnlyForDeploymentPostprocessing = 0;
		};
		6332639D27E9EA82002759D3 /* Resources */ = {
			isa = PBXResourcesBuildPhase;
			buildActionMask = 2147483647;
			files = (
			);
			runOnlyForDeploymentPostprocessing = 0;
		};
		633263A727E9EA82002759D3 /* Resources */ = {
			isa = PBXResourcesBuildPhase;
			buildActionMask = 2147483647;
			files = (
			);
			runOnlyForDeploymentPostprocessing = 0;
		};
/* End PBXResourcesBuildPhase section */

/* Begin PBXSourcesBuildPhase section */
		6332638527E9EA80002759D3 /* Sources */ = {
			isa = PBXSourcesBuildPhase;
			buildActionMask = 2147483647;
			files = (
				6332639127E9EA80002759D3 /* ViewController.swift in Sources */,
				6332638D27E9EA80002759D3 /* AppDelegate.swift in Sources */,
				6332638F27E9EA80002759D3 /* SceneDelegate.swift in Sources */,
			);
			runOnlyForDeploymentPostprocessing = 0;
		};
		6332639B27E9EA82002759D3 /* Sources */ = {
			isa = PBXSourcesBuildPhase;
			buildActionMask = 2147483647;
			files = (
				633263A427E9EA82002759D3 /* GBShopTests.swift in Sources */,
			);
			runOnlyForDeploymentPostprocessing = 0;
		};
		633263A527E9EA82002759D3 /* Sources */ = {
			isa = PBXSourcesBuildPhase;
			buildActionMask = 2147483647;
			files = (
				633263AE27E9EA82002759D3 /* GBShopUITests.swift in Sources */,
				633263B027E9EA82002759D3 /* GBShopUITestsLaunchTests.swift in Sources */,
			);
			runOnlyForDeploymentPostprocessing = 0;
		};
/* End PBXSourcesBuildPhase section */

/* Begin PBXTargetDependency section */
		633263A127E9EA82002759D3 /* PBXTargetDependency */ = {
			isa = PBXTargetDependency;
			target = 6332638827E9EA80002759D3 /* GBShop */;
			targetProxy = 633263A027E9EA82002759D3 /* PBXContainerItemProxy */;
		};
		633263AB27E9EA82002759D3 /* PBXTargetDependency */ = {
			isa = PBXTargetDependency;
			target = 6332638827E9EA80002759D3 /* GBShop */;
			targetProxy = 633263AA27E9EA82002759D3 /* PBXContainerItemProxy */;
		};
/* End PBXTargetDependency section */

/* Begin PBXVariantGroup section */
		6332639227E9EA80002759D3 /* Main.storyboard */ = {
			isa = PBXVariantGroup;
			children = (
				6332639327E9EA80002759D3 /* Base */,
			);
			name = Main.storyboard;
			sourceTree = "<group>";
		};
		6332639727E9EA82002759D3 /* LaunchScreen.storyboard */ = {
			isa = PBXVariantGroup;
			children = (
				6332639827E9EA82002759D3 /* Base */,
			);
			name = LaunchScreen.storyboard;
			sourceTree = "<group>";
		};
/* End PBXVariantGroup section */

/* Begin XCBuildConfiguration section */
		633263B127E9EA82002759D3 /* Debug */ = {
			isa = XCBuildConfiguration;
			buildSettings = {
				ALWAYS_SEARCH_USER_PATHS = NO;
				CLANG_ANALYZER_NONNULL = YES;
				CLANG_ANALYZER_NUMBER_OBJECT_CONVERSION = YES_AGGRESSIVE;
				CLANG_CXX_LANGUAGE_STANDARD = "gnu++17";
				CLANG_CXX_LIBRARY = "libc++";
				CLANG_ENABLE_MODULES = YES;
				CLANG_ENABLE_OBJC_ARC = YES;
				CLANG_ENABLE_OBJC_WEAK = YES;
				CLANG_WARN_BLOCK_CAPTURE_AUTORELEASING = YES;
				CLANG_WARN_BOOL_CONVERSION = YES;
				CLANG_WARN_COMMA = YES;
				CLANG_WARN_CONSTANT_CONVERSION = YES;
				CLANG_WARN_DEPRECATED_OBJC_IMPLEMENTATIONS = YES;
				CLANG_WARN_DIRECT_OBJC_ISA_USAGE = YES_ERROR;
				CLANG_WARN_DOCUMENTATION_COMMENTS = YES;
				CLANG_WARN_EMPTY_BODY = YES;
				CLANG_WARN_ENUM_CONVERSION = YES;
				CLANG_WARN_INFINITE_RECURSION = YES;
				CLANG_WARN_INT_CONVERSION = YES;
				CLANG_WARN_NON_LITERAL_NULL_CONVERSION = YES;
				CLANG_WARN_OBJC_IMPLICIT_RETAIN_SELF = YES;
				CLANG_WARN_OBJC_LITERAL_CONVERSION = YES;
				CLANG_WARN_OBJC_ROOT_CLASS = YES_ERROR;
				CLANG_WARN_QUOTED_INCLUDE_IN_FRAMEWORK_HEADER = YES;
				CLANG_WARN_RANGE_LOOP_ANALYSIS = YES;
				CLANG_WARN_STRICT_PROTOTYPES = YES;
				CLANG_WARN_SUSPICIOUS_MOVE = YES;
				CLANG_WARN_UNGUARDED_AVAILABILITY = YES_AGGRESSIVE;
				CLANG_WARN_UNREACHABLE_CODE = YES;
				CLANG_WARN__DUPLICATE_METHOD_MATCH = YES;
				COPY_PHASE_STRIP = NO;
				DEBUG_INFORMATION_FORMAT = dwarf;
				ENABLE_STRICT_OBJC_MSGSEND = YES;
				ENABLE_TESTABILITY = YES;
				GCC_C_LANGUAGE_STANDARD = gnu11;
				GCC_DYNAMIC_NO_PIC = NO;
				GCC_NO_COMMON_BLOCKS = YES;
				GCC_OPTIMIZATION_LEVEL = 0;
				GCC_PREPROCESSOR_DEFINITIONS = (
					"DEBUG=1",
					"$(inherited)",
				);
				GCC_WARN_64_TO_32_BIT_CONVERSION = YES;
				GCC_WARN_ABOUT_RETURN_TYPE = YES_ERROR;
				GCC_WARN_UNDECLARED_SELECTOR = YES;
				GCC_WARN_UNINITIALIZED_AUTOS = YES_AGGRESSIVE;
				GCC_WARN_UNUSED_FUNCTION = YES;
				GCC_WARN_UNUSED_VARIABLE = YES;
				IPHONEOS_DEPLOYMENT_TARGET = 15.0;
				MTL_ENABLE_DEBUG_INFO = INCLUDE_SOURCE;
				MTL_FAST_MATH = YES;
				ONLY_ACTIVE_ARCH = YES;
				SDKROOT = iphoneos;
				SWIFT_ACTIVE_COMPILATION_CONDITIONS = DEBUG;
				SWIFT_OPTIMIZATION_LEVEL = "-Onone";
			};
			name = Debug;
		};
		633263B227E9EA82002759D3 /* Release */ = {
			isa = XCBuildConfiguration;
			buildSettings = {
				ALWAYS_SEARCH_USER_PATHS = NO;
				CLANG_ANALYZER_NONNULL = YES;
				CLANG_ANALYZER_NUMBER_OBJECT_CONVERSION = YES_AGGRESSIVE;
				CLANG_CXX_LANGUAGE_STANDARD = "gnu++17";
				CLANG_CXX_LIBRARY = "libc++";
				CLANG_ENABLE_MODULES = YES;
				CLANG_ENABLE_OBJC_ARC = YES;
				CLANG_ENABLE_OBJC_WEAK = YES;
				CLANG_WARN_BLOCK_CAPTURE_AUTORELEASING = YES;
				CLANG_WARN_BOOL_CONVERSION = YES;
				CLANG_WARN_COMMA = YES;
				CLANG_WARN_CONSTANT_CONVERSION = YES;
				CLANG_WARN_DEPRECATED_OBJC_IMPLEMENTATIONS = YES;
				CLANG_WARN_DIRECT_OBJC_ISA_USAGE = YES_ERROR;
				CLANG_WARN_DOCUMENTATION_COMMENTS = YES;
				CLANG_WARN_EMPTY_BODY = YES;
				CLANG_WARN_ENUM_CONVERSION = YES;
				CLANG_WARN_INFINITE_RECURSION = YES;
				CLANG_WARN_INT_CONVERSION = YES;
				CLANG_WARN_NON_LITERAL_NULL_CONVERSION = YES;
				CLANG_WARN_OBJC_IMPLICIT_RETAIN_SELF = YES;
				CLANG_WARN_OBJC_LITERAL_CONVERSION = YES;
				CLANG_WARN_OBJC_ROOT_CLASS = YES_ERROR;
				CLANG_WARN_QUOTED_INCLUDE_IN_FRAMEWORK_HEADER = YES;
				CLANG_WARN_RANGE_LOOP_ANALYSIS = YES;
				CLANG_WARN_STRICT_PROTOTYPES = YES;
				CLANG_WARN_SUSPICIOUS_MOVE = YES;
				CLANG_WARN_UNGUARDED_AVAILABILITY = YES_AGGRESSIVE;
				CLANG_WARN_UNREACHABLE_CODE = YES;
				CLANG_WARN__DUPLICATE_METHOD_MATCH = YES;
				COPY_PHASE_STRIP = NO;
				DEBUG_INFORMATION_FORMAT = "dwarf-with-dsym";
				ENABLE_NS_ASSERTIONS = NO;
				ENABLE_STRICT_OBJC_MSGSEND = YES;
				GCC_C_LANGUAGE_STANDARD = gnu11;
				GCC_NO_COMMON_BLOCKS = YES;
				GCC_WARN_64_TO_32_BIT_CONVERSION = YES;
				GCC_WARN_ABOUT_RETURN_TYPE = YES_ERROR;
				GCC_WARN_UNDECLARED_SELECTOR = YES;
				GCC_WARN_UNINITIALIZED_AUTOS = YES_AGGRESSIVE;
				GCC_WARN_UNUSED_FUNCTION = YES;
				GCC_WARN_UNUSED_VARIABLE = YES;
				IPHONEOS_DEPLOYMENT_TARGET = 15.0;
				MTL_ENABLE_DEBUG_INFO = NO;
				MTL_FAST_MATH = YES;
				SDKROOT = iphoneos;
				SWIFT_COMPILATION_MODE = wholemodule;
				SWIFT_OPTIMIZATION_LEVEL = "-O";
				VALIDATE_PRODUCT = YES;
			};
			name = Release;
		};
		633263B427E9EA82002759D3 /* Debug */ = {
			isa = XCBuildConfiguration;
			buildSettings = {
				ASSETCATALOG_COMPILER_APPICON_NAME = AppIcon;
				ASSETCATALOG_COMPILER_GLOBAL_ACCENT_COLOR_NAME = AccentColor;
				CODE_SIGN_STYLE = Automatic;
				CURRENT_PROJECT_VERSION = 1;
				DEVELOPMENT_TEAM = GKJFG6VZG8;
				GENERATE_INFOPLIST_FILE = YES;
				INFOPLIST_FILE = GBShop/Info.plist;
				INFOPLIST_KEY_UIApplicationSupportsIndirectInputEvents = YES;
				INFOPLIST_KEY_UILaunchStoryboardName = LaunchScreen;
				INFOPLIST_KEY_UIMainStoryboardFile = Main;
				INFOPLIST_KEY_UISupportedInterfaceOrientations_iPad = "UIInterfaceOrientationPortrait UIInterfaceOrientationPortraitUpsideDown UIInterfaceOrientationLandscapeLeft UIInterfaceOrientationLandscapeRight";
				INFOPLIST_KEY_UISupportedInterfaceOrientations_iPhone = "UIInterfaceOrientationPortrait UIInterfaceOrientationLandscapeLeft UIInterfaceOrientationLandscapeRight";
				LD_RUNPATH_SEARCH_PATHS = (
					"$(inherited)",
					"@executable_path/Frameworks",
				);
				MARKETING_VERSION = 1.0;
				PRODUCT_BUNDLE_IDENTIFIER = "-.GBShop";
				PRODUCT_NAME = "$(TARGET_NAME)";
				SWIFT_EMIT_LOC_STRINGS = YES;
				SWIFT_VERSION = 5.0;
				TARGETED_DEVICE_FAMILY = "1,2";
			};
			name = Debug;
		};
		633263B527E9EA82002759D3 /* Release */ = {
			isa = XCBuildConfiguration;
			buildSettings = {
				ASSETCATALOG_COMPILER_APPICON_NAME = AppIcon;
				ASSETCATALOG_COMPILER_GLOBAL_ACCENT_COLOR_NAME = AccentColor;
				CODE_SIGN_STYLE = Automatic;
				CURRENT_PROJECT_VERSION = 1;
				DEVELOPMENT_TEAM = GKJFG6VZG8;
				GENERATE_INFOPLIST_FILE = YES;
				INFOPLIST_FILE = GBShop/Info.plist;
				INFOPLIST_KEY_UIApplicationSupportsIndirectInputEvents = YES;
				INFOPLIST_KEY_UILaunchStoryboardName = LaunchScreen;
				INFOPLIST_KEY_UIMainStoryboardFile = Main;
				INFOPLIST_KEY_UISupportedInterfaceOrientations_iPad = "UIInterfaceOrientationPortrait UIInterfaceOrientationPortraitUpsideDown UIInterfaceOrientationLandscapeLeft UIInterfaceOrientationLandscapeRight";
				INFOPLIST_KEY_UISupportedInterfaceOrientations_iPhone = "UIInterfaceOrientationPortrait UIInterfaceOrientationLandscapeLeft UIInterfaceOrientationLandscapeRight";
				LD_RUNPATH_SEARCH_PATHS = (
					"$(inherited)",
					"@executable_path/Frameworks",
				);
				MARKETING_VERSION = 1.0;
				PRODUCT_BUNDLE_IDENTIFIER = "-.GBShop";
				PRODUCT_NAME = "$(TARGET_NAME)";
				SWIFT_EMIT_LOC_STRINGS = YES;
				SWIFT_VERSION = 5.0;
				TARGETED_DEVICE_FAMILY = "1,2";
			};
			name = Release;
		};
		633263B727E9EA82002759D3 /* Debug */ = {
			isa = XCBuildConfiguration;
			buildSettings = {
				ALWAYS_EMBED_SWIFT_STANDARD_LIBRARIES = YES;
				BUNDLE_LOADER = "$(TEST_HOST)";
				CODE_SIGN_STYLE = Automatic;
				CURRENT_PROJECT_VERSION = 1;
				DEVELOPMENT_TEAM = GKJFG6VZG8;
				GENERATE_INFOPLIST_FILE = YES;
				IPHONEOS_DEPLOYMENT_TARGET = 15.0;
				LD_RUNPATH_SEARCH_PATHS = (
					"$(inherited)",
					"@executable_path/Frameworks",
					"@loader_path/Frameworks",
				);
				MARKETING_VERSION = 1.0;
				PRODUCT_BUNDLE_IDENTIFIER = "-.GBShopTests";
				PRODUCT_NAME = "$(TARGET_NAME)";
				SWIFT_EMIT_LOC_STRINGS = NO;
				SWIFT_VERSION = 5.0;
				TARGETED_DEVICE_FAMILY = "1,2";
				TEST_HOST = "$(BUILT_PRODUCTS_DIR)/GBShop.app/GBShop";
			};
			name = Debug;
		};
		633263B827E9EA82002759D3 /* Release */ = {
			isa = XCBuildConfiguration;
			buildSettings = {
				ALWAYS_EMBED_SWIFT_STANDARD_LIBRARIES = YES;
				BUNDLE_LOADER = "$(TEST_HOST)";
				CODE_SIGN_STYLE = Automatic;
				CURRENT_PROJECT_VERSION = 1;
				DEVELOPMENT_TEAM = GKJFG6VZG8;
				GENERATE_INFOPLIST_FILE = YES;
				IPHONEOS_DEPLOYMENT_TARGET = 15.0;
				LD_RUNPATH_SEARCH_PATHS = (
					"$(inherited)",
					"@executable_path/Frameworks",
					"@loader_path/Frameworks",
				);
				MARKETING_VERSION = 1.0;
				PRODUCT_BUNDLE_IDENTIFIER = "-.GBShopTests";
				PRODUCT_NAME = "$(TARGET_NAME)";
				SWIFT_EMIT_LOC_STRINGS = NO;
				SWIFT_VERSION = 5.0;
				TARGETED_DEVICE_FAMILY = "1,2";
				TEST_HOST = "$(BUILT_PRODUCTS_DIR)/GBShop.app/GBShop";
			};
			name = Release;
		};
		633263BA27E9EA82002759D3 /* Debug */ = {
			isa = XCBuildConfiguration;
			buildSettings = {
				ALWAYS_EMBED_SWIFT_STANDARD_LIBRARIES = YES;
				CODE_SIGN_STYLE = Automatic;
				CURRENT_PROJECT_VERSION = 1;
				DEVELOPMENT_TEAM = GKJFG6VZG8;
				GENERATE_INFOPLIST_FILE = YES;
				LD_RUNPATH_SEARCH_PATHS = (
					"$(inherited)",
					"@executable_path/Frameworks",
					"@loader_path/Frameworks",
				);
				MARKETING_VERSION = 1.0;
				PRODUCT_BUNDLE_IDENTIFIER = "-.GBShopUITests";
				PRODUCT_NAME = "$(TARGET_NAME)";
				SWIFT_EMIT_LOC_STRINGS = NO;
				SWIFT_VERSION = 5.0;
				TARGETED_DEVICE_FAMILY = "1,2";
				TEST_TARGET_NAME = GBShop;
			};
			name = Debug;
		};
		633263BB27E9EA82002759D3 /* Release */ = {
			isa = XCBuildConfiguration;
			buildSettings = {
				ALWAYS_EMBED_SWIFT_STANDARD_LIBRARIES = YES;
				CODE_SIGN_STYLE = Automatic;
				CURRENT_PROJECT_VERSION = 1;
				DEVELOPMENT_TEAM = GKJFG6VZG8;
				GENERATE_INFOPLIST_FILE = YES;
				LD_RUNPATH_SEARCH_PATHS = (
					"$(inherited)",
					"@executable_path/Frameworks",
					"@loader_path/Frameworks",
				);
				MARKETING_VERSION = 1.0;
				PRODUCT_BUNDLE_IDENTIFIER = "-.GBShopUITests";
				PRODUCT_NAME = "$(TARGET_NAME)";
				SWIFT_EMIT_LOC_STRINGS = NO;
				SWIFT_VERSION = 5.0;
				TARGETED_DEVICE_FAMILY = "1,2";
				TEST_TARGET_NAME = GBShop;
			};
			name = Release;
		};
/* End XCBuildConfiguration section */

/* Begin XCConfigurationList section */
		6332638427E9EA80002759D3 /* Build configuration list for PBXProject "GBShop" */ = {
			isa = XCConfigurationList;
			buildConfigurations = (
				633263B127E9EA82002759D3 /* Debug */,
				633263B227E9EA82002759D3 /* Release */,
			);
			defaultConfigurationIsVisible = 0;
			defaultConfigurationName = Release;
		};
		633263B327E9EA82002759D3 /* Build configuration list for PBXNativeTarget "GBShop" */ = {
			isa = XCConfigurationList;
			buildConfigurations = (
				633263B427E9EA82002759D3 /* Debug */,
				633263B527E9EA82002759D3 /* Release */,
			);
			defaultConfigurationIsVisible = 0;
			defaultConfigurationName = Release;
		};
		633263B627E9EA82002759D3 /* Build configuration list for PBXNativeTarget "GBShopTests" */ = {
			isa = XCConfigurationList;
			buildConfigurations = (
				633263B727E9EA82002759D3 /* Debug */,
				633263B827E9EA82002759D3 /* Release */,
			);
			defaultConfigurationIsVisible = 0;
			defaultConfigurationName = Release;
		};
		633263B927E9EA82002759D3 /* Build configuration list for PBXNativeTarget "GBShopUITests" */ = {
			isa = XCConfigurationList;
			buildConfigurations = (
				633263BA27E9EA82002759D3 /* Debug */,
				633263BB27E9EA82002759D3 /* Release */,
			);
			defaultConfigurationIsVisible = 0;
			defaultConfigurationName = Release;
		};
/* End XCConfigurationList section */
	};
	rootObject = 6332638127E9EA80002759D3 /* Project object */;
}
